PODS:
  - Alamofire (4.0.0)
  - AlamofireImage (3.0.0):
    - Alamofire (~> 4.0)
  - BRYXBanner (0.7.0)
  - FLAnimatedImage (1.0.12)
  - Locksmith (3.0.0)
  - PINCache (2.3)
  - PINRemoteImage (2.1.4):
    - PINRemoteImage/FLAnimatedImage (= 2.1.4)
  - PINRemoteImage/Core (2.1.4):
    - PINCache (>= 2.1)
  - PINRemoteImage/FLAnimatedImage (2.1.4):
    - FLAnimatedImage (>= 1.0)
    - PINRemoteImage/Core
  - PSOperations (3.0.0):
    - PSOperations/Core (= 3.0.0)
    - PSOperations/Health (= 3.0.0)
    - PSOperations/Passbook (= 3.0.0)
  - PSOperations/Core (3.0.0)
  - PSOperations/Health (3.0.0):
    - PSOperations/Core
  - PSOperations/Passbook (3.0.0):
    - PSOperations/Core
  - SwiftyJSON (3.0.0)

DEPENDENCIES:
  - Alamofire (~> 4.0)
  - AlamofireImage
  - BRYXBanner
  - Locksmith
  - PINCache
  - PINRemoteImage
  - PSOperations
  - SwiftyJSON (from `https://github.com/appsailor/SwiftyJSON.git`, branch `swift3`)

EXTERNAL SOURCES:
  SwiftyJSON:
    :branch: swift3
    :git: https://github.com/appsailor/SwiftyJSON.git

CHECKOUT OPTIONS:
  SwiftyJSON:
    :commit: de73429b38b8994f614fb27c5ec094bb8a4833f2
    :git: https://github.com/appsailor/SwiftyJSON.git

SPEC CHECKSUMS:
  Alamofire: fef59f00388f267e52d9b432aa5d93dc97190f14
  AlamofireImage: 6594aa1139a67dcd36cde6da79ea4e5b318e60fb
  BRYXBanner: 732f576bf9cc1f3f6138d81e8a048666af1c49db
  FLAnimatedImage: 4a0b56255d9b05f18b6dd7ee06871be5d3b89e31
  Locksmith: 310b4cc5031af5728bf4db5d4de547a5100c6a3b
  PINCache: ce36ed282031b92fc7733ffe831f474ff80fddc2
  PINRemoteImage: 4ac4011c5caefd6befd99758e09becede05d3226
  PSOperations: 6bc00aac233d9d19b60caced190e6cb8fbcb1dcd
  SwiftyJSON: f57b2b44bc166617372d1c70773591fe9f0f5fd4

PODFILE CHECKSUM: 6b59656331a1854155f8a7d0ee5adee6810f3fd5

COCOAPODS: 1.1.1
