// !$*UTF8*$!
{
	archiveVersion = 1;
	classes = {
	};
	objectVersion = 46;
	objects = {

/* Begin PBXBuildFile section */
		0F19233A1DA87A9100FF9E4D /* Sixth.storyboard in Resources */ = {isa = PBXBuildFile; fileRef = 0F1923391DA87A9100FF9E4D /* Sixth.storyboard */; };
		0F19233B1DA87A9100FF9E4D /* Sixth.storyboard in Resources */ = {isa = PBXBuildFile; fileRef = 0F1923391DA87A9100FF9E4D /* Sixth.storyboard */; };
		0F19233C1DA87A9100FF9E4D /* Sixth.storyboard in Resources */ = {isa = PBXBuildFile; fileRef = 0F1923391DA87A9100FF9E4D /* Sixth.storyboard */; };
		0F19233E1DA87FF400FF9E4D /* SixthDetailViewController.swift in Sources */ = {isa = PBXBuildFile; fileRef = 0F19233D1DA87FF400FF9E4D /* SixthDetailViewController.swift */; };
		0F19233F1DA87FF400FF9E4D /* SixthDetailViewController.swift in Sources */ = {isa = PBXBuildFile; fileRef = 0F19233D1DA87FF400FF9E4D /* SixthDetailViewController.swift */; };
		0F1923401DA87FF400FF9E4D /* SixthDetailViewController.swift in Sources */ = {isa = PBXBuildFile; fileRef = 0F19233D1DA87FF400FF9E4D /* SixthDetailViewController.swift */; };
		0F1923421DA8822F00FF9E4D /* SixthVCView.swift in Sources */ = {isa = PBXBuildFile; fileRef = 0F1923411DA8822F00FF9E4D /* SixthVCView.swift */; };
		0F1923431DA8822F00FF9E4D /* SixthVCView.swift in Sources */ = {isa = PBXBuildFile; fileRef = 0F1923411DA8822F00FF9E4D /* SixthVCView.swift */; };
		0F1923441DA8822F00FF9E4D /* SixthVCView.swift in Sources */ = {isa = PBXBuildFile; fileRef = 0F1923411DA8822F00FF9E4D /* SixthVCView.swift */; };
		0F1923461DA8826A00FF9E4D /* SixthDetailVCView.swift in Sources */ = {isa = PBXBuildFile; fileRef = 0F1923451DA8826A00FF9E4D /* SixthDetailVCView.swift */; };
		0F1923471DA8826A00FF9E4D /* SixthDetailVCView.swift in Sources */ = {isa = PBXBuildFile; fileRef = 0F1923451DA8826A00FF9E4D /* SixthDetailVCView.swift */; };
		0F1923481DA8826A00FF9E4D /* SixthDetailVCView.swift in Sources */ = {isa = PBXBuildFile; fileRef = 0F1923451DA8826A00FF9E4D /* SixthDetailVCView.swift */; };
		0F19234F1DA88FD500FF9E4D /* Seventh.storyboard in Resources */ = {isa = PBXBuildFile; fileRef = 0F19234E1DA88FD500FF9E4D /* Seventh.storyboard */; };
		0F1923501DA88FD500FF9E4D /* Seventh.storyboard in Resources */ = {isa = PBXBuildFile; fileRef = 0F19234E1DA88FD500FF9E4D /* Seventh.storyboard */; };
		0F1923511DA88FD500FF9E4D /* Seventh.storyboard in Resources */ = {isa = PBXBuildFile; fileRef = 0F19234E1DA88FD500FF9E4D /* Seventh.storyboard */; };
		0F1923531DA8903D00FF9E4D /* Fifth.storyboard in Resources */ = {isa = PBXBuildFile; fileRef = 0F1923521DA8903D00FF9E4D /* Fifth.storyboard */; };
		0F1923541DA8903D00FF9E4D /* Fifth.storyboard in Resources */ = {isa = PBXBuildFile; fileRef = 0F1923521DA8903D00FF9E4D /* Fifth.storyboard */; };
		0F1923551DA8903D00FF9E4D /* Fifth.storyboard in Resources */ = {isa = PBXBuildFile; fileRef = 0F1923521DA8903D00FF9E4D /* Fifth.storyboard */; };
		0F24FD991DA9689E00DF8A29 /* Eighth.storyboard in Resources */ = {isa = PBXBuildFile; fileRef = 0F24FD981DA9689E00DF8A29 /* Eighth.storyboard */; };
		0F24FD9A1DA9689E00DF8A29 /* Eighth.storyboard in Resources */ = {isa = PBXBuildFile; fileRef = 0F24FD981DA9689E00DF8A29 /* Eighth.storyboard */; };
		0F24FD9B1DA9689E00DF8A29 /* Eighth.storyboard in Resources */ = {isa = PBXBuildFile; fileRef = 0F24FD981DA9689E00DF8A29 /* Eighth.storyboard */; };
		0F24FD9D1DA968D900DF8A29 /* EighthViewController.swift in Sources */ = {isa = PBXBuildFile; fileRef = 0F24FD9C1DA968D900DF8A29 /* EighthViewController.swift */; };
		0F24FD9E1DA968D900DF8A29 /* EighthViewController.swift in Sources */ = {isa = PBXBuildFile; fileRef = 0F24FD9C1DA968D900DF8A29 /* EighthViewController.swift */; };
		0F24FD9F1DA968D900DF8A29 /* EighthViewController.swift in Sources */ = {isa = PBXBuildFile; fileRef = 0F24FD9C1DA968D900DF8A29 /* EighthViewController.swift */; };
		0F2C0CF01DB5ACE000ECBA67 /* TenthViewController.swift in Sources */ = {isa = PBXBuildFile; fileRef = 0F2C0CEF1DB5ACE000ECBA67 /* TenthViewController.swift */; };
		0F2C0CF11DB5ACE000ECBA67 /* TenthViewController.swift in Sources */ = {isa = PBXBuildFile; fileRef = 0F2C0CEF1DB5ACE000ECBA67 /* TenthViewController.swift */; };
		0F2C0CF21DB5ACE000ECBA67 /* TenthViewController.swift in Sources */ = {isa = PBXBuildFile; fileRef = 0F2C0CEF1DB5ACE000ECBA67 /* TenthViewController.swift */; };
		0F2C0CF41DB5AD2E00ECBA67 /* Tenth.storyboard in Resources */ = {isa = PBXBuildFile; fileRef = 0F2C0CF31DB5AD2E00ECBA67 /* Tenth.storyboard */; };
		0F2C0CF51DB5AD2E00ECBA67 /* Tenth.storyboard in Resources */ = {isa = PBXBuildFile; fileRef = 0F2C0CF31DB5AD2E00ECBA67 /* Tenth.storyboard */; };
		0F2C0CF61DB5AD2E00ECBA67 /* Tenth.storyboard in Resources */ = {isa = PBXBuildFile; fileRef = 0F2C0CF31DB5AD2E00ECBA67 /* Tenth.storyboard */; };
		0F2C0CF81DB5B0C600ECBA67 /* ExtensionArray.swift in Sources */ = {isa = PBXBuildFile; fileRef = 0F2C0CF71DB5B0C600ECBA67 /* ExtensionArray.swift */; };
		0F2C0CF91DB5B0C600ECBA67 /* ExtensionArray.swift in Sources */ = {isa = PBXBuildFile; fileRef = 0F2C0CF71DB5B0C600ECBA67 /* ExtensionArray.swift */; };
		0F2C0CFA1DB5B0C600ECBA67 /* ExtensionArray.swift in Sources */ = {isa = PBXBuildFile; fileRef = 0F2C0CF71DB5B0C600ECBA67 /* ExtensionArray.swift */; };
		0F2D7EC81DB13CB9007A6F4A /* data.json in Resources */ = {isa = PBXBuildFile; fileRef = 0F2D7EC71DB13CB9007A6F4A /* data.json */; };
		0F2D7EC91DB13CB9007A6F4A /* data.json in Resources */ = {isa = PBXBuildFile; fileRef = 0F2D7EC71DB13CB9007A6F4A /* data.json */; };
		0F2D7ECA1DB13CB9007A6F4A /* data.json in Resources */ = {isa = PBXBuildFile; fileRef = 0F2D7EC71DB13CB9007A6F4A /* data.json */; };
		0F2D7ECC1DB1A244007A6F4A /* GlobalConstants.swift in Sources */ = {isa = PBXBuildFile; fileRef = 0F2D7ECB1DB1A244007A6F4A /* GlobalConstants.swift */; };
		0F2D7ECD1DB1A244007A6F4A /* GlobalConstants.swift in Sources */ = {isa = PBXBuildFile; fileRef = 0F2D7ECB1DB1A244007A6F4A /* GlobalConstants.swift */; };
		0F2D7ECE1DB1A244007A6F4A /* GlobalConstants.swift in Sources */ = {isa = PBXBuildFile; fileRef = 0F2D7ECB1DB1A244007A6F4A /* GlobalConstants.swift */; };
		0F2D7ED01DB1A283007A6F4A /* GlobalFunctions.swift in Sources */ = {isa = PBXBuildFile; fileRef = 0F2D7ECF1DB1A283007A6F4A /* GlobalFunctions.swift */; };
		0F2D7ED11DB1A283007A6F4A /* GlobalFunctions.swift in Sources */ = {isa = PBXBuildFile; fileRef = 0F2D7ECF1DB1A283007A6F4A /* GlobalFunctions.swift */; };
		0F2D7ED21DB1A283007A6F4A /* GlobalFunctions.swift in Sources */ = {isa = PBXBuildFile; fileRef = 0F2D7ECF1DB1A283007A6F4A /* GlobalFunctions.swift */; };
		0F3052CC1DAAD5A400F79778 /* PublishersCollectionViewController.swift in Sources */ = {isa = PBXBuildFile; fileRef = 0F3052CB1DAAD5A400F79778 /* PublishersCollectionViewController.swift */; };
		0F3052CD1DAAD5A400F79778 /* PublishersCollectionViewController.swift in Sources */ = {isa = PBXBuildFile; fileRef = 0F3052CB1DAAD5A400F79778 /* PublishersCollectionViewController.swift */; };
		0F3052CE1DAAD5A400F79778 /* PublishersCollectionViewController.swift in Sources */ = {isa = PBXBuildFile; fileRef = 0F3052CB1DAAD5A400F79778 /* PublishersCollectionViewController.swift */; };
		0F3052D01DAAD5AF00F79778 /* WebViewController.swift in Sources */ = {isa = PBXBuildFile; fileRef = 0F3052CF1DAAD5AF00F79778 /* WebViewController.swift */; };
		0F3052D11DAAD5AF00F79778 /* WebViewController.swift in Sources */ = {isa = PBXBuildFile; fileRef = 0F3052CF1DAAD5AF00F79778 /* WebViewController.swift */; };
		0F3052D21DAAD5AF00F79778 /* WebViewController.swift in Sources */ = {isa = PBXBuildFile; fileRef = 0F3052CF1DAAD5AF00F79778 /* WebViewController.swift */; };
		0F3052D61DAAD5C100F79778 /* PublishersCollectionViewFlowLayout.swift in Sources */ = {isa = PBXBuildFile; fileRef = 0F3052D31DAAD5C100F79778 /* PublishersCollectionViewFlowLayout.swift */; };
		0F3052D71DAAD5C100F79778 /* PublishersCollectionViewFlowLayout.swift in Sources */ = {isa = PBXBuildFile; fileRef = 0F3052D31DAAD5C100F79778 /* PublishersCollectionViewFlowLayout.swift */; };
		0F3052D81DAAD5C100F79778 /* PublishersCollectionViewFlowLayout.swift in Sources */ = {isa = PBXBuildFile; fileRef = 0F3052D31DAAD5C100F79778 /* PublishersCollectionViewFlowLayout.swift */; };
		0F3052D91DAAD5C100F79778 /* PublisherCollectionViewCell.swift in Sources */ = {isa = PBXBuildFile; fileRef = 0F3052D41DAAD5C100F79778 /* PublisherCollectionViewCell.swift */; };
		0F3052DA1DAAD5C100F79778 /* PublisherCollectionViewCell.swift in Sources */ = {isa = PBXBuildFile; fileRef = 0F3052D41DAAD5C100F79778 /* PublisherCollectionViewCell.swift */; };
		0F3052DB1DAAD5C100F79778 /* PublisherCollectionViewCell.swift in Sources */ = {isa = PBXBuildFile; fileRef = 0F3052D41DAAD5C100F79778 /* PublisherCollectionViewCell.swift */; };
		0F3052DC1DAAD5C100F79778 /* SectionHeaderView.swift in Sources */ = {isa = PBXBuildFile; fileRef = 0F3052D51DAAD5C100F79778 /* SectionHeaderView.swift */; };
		0F3052DD1DAAD5C100F79778 /* SectionHeaderView.swift in Sources */ = {isa = PBXBuildFile; fileRef = 0F3052D51DAAD5C100F79778 /* SectionHeaderView.swift */; };
		0F3052DE1DAAD5C100F79778 /* SectionHeaderView.swift in Sources */ = {isa = PBXBuildFile; fileRef = 0F3052D51DAAD5C100F79778 /* SectionHeaderView.swift */; };
		0F3052E11DAAD5CF00F79778 /* Publisher.swift in Sources */ = {isa = PBXBuildFile; fileRef = 0F3052DF1DAAD5CF00F79778 /* Publisher.swift */; };
		0F3052E21DAAD5CF00F79778 /* Publisher.swift in Sources */ = {isa = PBXBuildFile; fileRef = 0F3052DF1DAAD5CF00F79778 /* Publisher.swift */; };
		0F3052E31DAAD5CF00F79778 /* Publisher.swift in Sources */ = {isa = PBXBuildFile; fileRef = 0F3052DF1DAAD5CF00F79778 /* Publisher.swift */; };
		0F3052E41DAAD5CF00F79778 /* Publishers.swift in Sources */ = {isa = PBXBuildFile; fileRef = 0F3052E01DAAD5CF00F79778 /* Publishers.swift */; };
		0F3052E51DAAD5CF00F79778 /* Publishers.swift in Sources */ = {isa = PBXBuildFile; fileRef = 0F3052E01DAAD5CF00F79778 /* Publishers.swift */; };
		0F3052E61DAAD5CF00F79778 /* Publishers.swift in Sources */ = {isa = PBXBuildFile; fileRef = 0F3052E01DAAD5CF00F79778 /* Publishers.swift */; };
		0F3052E81DAAE44600F79778 /* DucTran.storyboard in Resources */ = {isa = PBXBuildFile; fileRef = 0F3052E71DAAE44600F79778 /* DucTran.storyboard */; };
		0F3052E91DAAE44600F79778 /* DucTran.storyboard in Resources */ = {isa = PBXBuildFile; fileRef = 0F3052E71DAAE44600F79778 /* DucTran.storyboard */; };
		0F3052EA1DAAE44600F79778 /* DucTran.storyboard in Resources */ = {isa = PBXBuildFile; fileRef = 0F3052E71DAAE44600F79778 /* DucTran.storyboard */; };
		0F3052ED1DABF1EF00F79778 /* Utils.swift in Sources */ = {isa = PBXBuildFile; fileRef = 0F3052EC1DABF1EF00F79778 /* Utils.swift */; };
		0F3052EE1DABF1EF00F79778 /* Utils.swift in Sources */ = {isa = PBXBuildFile; fileRef = 0F3052EC1DABF1EF00F79778 /* Utils.swift */; };
		0F3052EF1DABF1EF00F79778 /* Utils.swift in Sources */ = {isa = PBXBuildFile; fileRef = 0F3052EC1DABF1EF00F79778 /* Utils.swift */; };
		0F38F4E21DA7F8AF0086BAA8 /* AppDelegate.swift in Sources */ = {isa = PBXBuildFile; fileRef = 0F38F4E11DA7F8AF0086BAA8 /* AppDelegate.swift */; };
		0F38F4EA1DA7F8AF0086BAA8 /* xTester.xcdatamodeld in Sources */ = {isa = PBXBuildFile; fileRef = 0F38F4E81DA7F8AF0086BAA8 /* xTester.xcdatamodeld */; };
		0F38F4EC1DA7F8AF0086BAA8 /* Assets.xcassets in Resources */ = {isa = PBXBuildFile; fileRef = 0F38F4EB1DA7F8AF0086BAA8 /* Assets.xcassets */; };
		0F38F4FA1DA7F8AF0086BAA8 /* xTesterTests.swift in Sources */ = {isa = PBXBuildFile; fileRef = 0F38F4F91DA7F8AF0086BAA8 /* xTesterTests.swift */; };
		0F38F5051DA7F8AF0086BAA8 /* xTesterUITests.swift in Sources */ = {isa = PBXBuildFile; fileRef = 0F38F5041DA7F8AF0086BAA8 /* xTesterUITests.swift */; };
		0F3F99001DA81E74002FBB8C /* CityView.xib in Resources */ = {isa = PBXBuildFile; fileRef = 0F3F98FF1DA81E74002FBB8C /* CityView.xib */; };
		0F3F99021DA8267D002FBB8C /* FifthViewController.swift in Sources */ = {isa = PBXBuildFile; fileRef = 0F3F99011DA8267D002FBB8C /* FifthViewController.swift */; };
		0F3F99031DA8267D002FBB8C /* FifthViewController.swift in Sources */ = {isa = PBXBuildFile; fileRef = 0F3F99011DA8267D002FBB8C /* FifthViewController.swift */; };
		0F3F99041DA8267D002FBB8C /* FifthViewController.swift in Sources */ = {isa = PBXBuildFile; fileRef = 0F3F99011DA8267D002FBB8C /* FifthViewController.swift */; };
		0F3F99061DA826A2002FBB8C /* SixthViewController.swift in Sources */ = {isa = PBXBuildFile; fileRef = 0F3F99051DA826A2002FBB8C /* SixthViewController.swift */; };
		0F3F99071DA826A2002FBB8C /* SixthViewController.swift in Sources */ = {isa = PBXBuildFile; fileRef = 0F3F99051DA826A2002FBB8C /* SixthViewController.swift */; };
		0F3F99081DA826A2002FBB8C /* SixthViewController.swift in Sources */ = {isa = PBXBuildFile; fileRef = 0F3F99051DA826A2002FBB8C /* SixthViewController.swift */; };
		0F3F990A1DA826CA002FBB8C /* SeventhViewController.swift in Sources */ = {isa = PBXBuildFile; fileRef = 0F3F99091DA826CA002FBB8C /* SeventhViewController.swift */; };
		0F3F990B1DA826CA002FBB8C /* SeventhViewController.swift in Sources */ = {isa = PBXBuildFile; fileRef = 0F3F99091DA826CA002FBB8C /* SeventhViewController.swift */; };
		0F3F990C1DA826CA002FBB8C /* SeventhViewController.swift in Sources */ = {isa = PBXBuildFile; fileRef = 0F3F99091DA826CA002FBB8C /* SeventhViewController.swift */; };
		0F8328C71DA99484009804C2 /* NinthViewController.swift in Sources */ = {isa = PBXBuildFile; fileRef = 0F8328C61DA99484009804C2 /* NinthViewController.swift */; };
		0F8328C81DA99484009804C2 /* NinthViewController.swift in Sources */ = {isa = PBXBuildFile; fileRef = 0F8328C61DA99484009804C2 /* NinthViewController.swift */; };
		0F8328C91DA99484009804C2 /* NinthViewController.swift in Sources */ = {isa = PBXBuildFile; fileRef = 0F8328C61DA99484009804C2 /* NinthViewController.swift */; };
		0F8328CB1DA996D7009804C2 /* EighthCollectionViewCell.swift in Sources */ = {isa = PBXBuildFile; fileRef = 0F8328CA1DA996D7009804C2 /* EighthCollectionViewCell.swift */; };
		0F8328CC1DA996D7009804C2 /* EighthCollectionViewCell.swift in Sources */ = {isa = PBXBuildFile; fileRef = 0F8328CA1DA996D7009804C2 /* EighthCollectionViewCell.swift */; };
		0F8328CD1DA996D7009804C2 /* EighthCollectionViewCell.swift in Sources */ = {isa = PBXBuildFile; fileRef = 0F8328CA1DA996D7009804C2 /* EighthCollectionViewCell.swift */; };
		0F8328D41DA9CF0B009804C2 /* NinthCollectionViewLayout.swift in Sources */ = {isa = PBXBuildFile; fileRef = 0F8328D31DA9CF0B009804C2 /* NinthCollectionViewLayout.swift */; };
		0F8328D51DA9CF0B009804C2 /* NinthCollectionViewLayout.swift in Sources */ = {isa = PBXBuildFile; fileRef = 0F8328D31DA9CF0B009804C2 /* NinthCollectionViewLayout.swift */; };
		0F8328D61DA9CF0B009804C2 /* NinthCollectionViewLayout.swift in Sources */ = {isa = PBXBuildFile; fileRef = 0F8328D31DA9CF0B009804C2 /* NinthCollectionViewLayout.swift */; };
		0F8328D81DA9D158009804C2 /* Ninth.storyboard in Resources */ = {isa = PBXBuildFile; fileRef = 0F8328D71DA9D158009804C2 /* Ninth.storyboard */; };
		0F8328D91DA9D158009804C2 /* Ninth.storyboard in Resources */ = {isa = PBXBuildFile; fileRef = 0F8328D71DA9D158009804C2 /* Ninth.storyboard */; };
		0F8328DA1DA9D158009804C2 /* Ninth.storyboard in Resources */ = {isa = PBXBuildFile; fileRef = 0F8328D71DA9D158009804C2 /* Ninth.storyboard */; };
		0F8328DC1DA9D1EF009804C2 /* NinthCollectionViewCell.swift in Sources */ = {isa = PBXBuildFile; fileRef = 0F8328DB1DA9D1EF009804C2 /* NinthCollectionViewCell.swift */; };
		0F8328DD1DA9D1EF009804C2 /* NinthCollectionViewCell.swift in Sources */ = {isa = PBXBuildFile; fileRef = 0F8328DB1DA9D1EF009804C2 /* NinthCollectionViewCell.swift */; };
		0F8328DE1DA9D1EF009804C2 /* NinthCollectionViewCell.swift in Sources */ = {isa = PBXBuildFile; fileRef = 0F8328DB1DA9D1EF009804C2 /* NinthCollectionViewCell.swift */; };
		0F8D22CF1DB28C9E00227D6A /* Third.storyboard in Resources */ = {isa = PBXBuildFile; fileRef = 0F8D22CE1DB28C9E00227D6A /* Third.storyboard */; };
		0F8D22D01DB28C9E00227D6A /* Third.storyboard in Resources */ = {isa = PBXBuildFile; fileRef = 0F8D22CE1DB28C9E00227D6A /* Third.storyboard */; };
		0F8D22D11DB28C9E00227D6A /* Third.storyboard in Resources */ = {isa = PBXBuildFile; fileRef = 0F8D22CE1DB28C9E00227D6A /* Third.storyboard */; };
		0F8D22D31DB28CBA00227D6A /* Second.storyboard in Resources */ = {isa = PBXBuildFile; fileRef = 0F8D22D21DB28CBA00227D6A /* Second.storyboard */; };
		0F8D22D41DB28CBA00227D6A /* Second.storyboard in Resources */ = {isa = PBXBuildFile; fileRef = 0F8D22D21DB28CBA00227D6A /* Second.storyboard */; };
		0F8D22D51DB28CBA00227D6A /* Second.storyboard in Resources */ = {isa = PBXBuildFile; fileRef = 0F8D22D21DB28CBA00227D6A /* Second.storyboard */; };
		0F8D22D71DB2D08500227D6A /* names2.json in Resources */ = {isa = PBXBuildFile; fileRef = 0F8D22D61DB2D08500227D6A /* names2.json */; };
		0F8D22D81DB2D08500227D6A /* names2.json in Resources */ = {isa = PBXBuildFile; fileRef = 0F8D22D61DB2D08500227D6A /* names2.json */; };
		0F8D22D91DB2D08500227D6A /* names2.json in Resources */ = {isa = PBXBuildFile; fileRef = 0F8D22D61DB2D08500227D6A /* names2.json */; };
		0F8D22DB1DB2D28000227D6A /* names3.json in Resources */ = {isa = PBXBuildFile; fileRef = 0F8D22DA1DB2D28000227D6A /* names3.json */; };
		0F8D22DC1DB2D28000227D6A /* names3.json in Resources */ = {isa = PBXBuildFile; fileRef = 0F8D22DA1DB2D28000227D6A /* names3.json */; };
		0F8D22DD1DB2D28000227D6A /* names3.json in Resources */ = {isa = PBXBuildFile; fileRef = 0F8D22DA1DB2D28000227D6A /* names3.json */; };
		0F945FD01DB59AB700FB4045 /* ExtensionViewController.swift in Sources */ = {isa = PBXBuildFile; fileRef = 0F945FCF1DB59AB700FB4045 /* ExtensionViewController.swift */; };
		0F945FD11DB59AB700FB4045 /* ExtensionViewController.swift in Sources */ = {isa = PBXBuildFile; fileRef = 0F945FCF1DB59AB700FB4045 /* ExtensionViewController.swift */; };
		0F945FD21DB59AB700FB4045 /* ExtensionViewController.swift in Sources */ = {isa = PBXBuildFile; fileRef = 0F945FCF1DB59AB700FB4045 /* ExtensionViewController.swift */; };
		0F945FD41DB59BDC00FB4045 /* ExtensionView.swift in Sources */ = {isa = PBXBuildFile; fileRef = 0F945FD31DB59BDC00FB4045 /* ExtensionView.swift */; };
		0F945FD51DB59BDC00FB4045 /* ExtensionView.swift in Sources */ = {isa = PBXBuildFile; fileRef = 0F945FD31DB59BDC00FB4045 /* ExtensionView.swift */; };
		0F945FD61DB59BDC00FB4045 /* ExtensionView.swift in Sources */ = {isa = PBXBuildFile; fileRef = 0F945FD31DB59BDC00FB4045 /* ExtensionView.swift */; };
		0FCE1C681DB6983700242E09 /* EleventhViewController.swift in Sources */ = {isa = PBXBuildFile; fileRef = 0FCE1C671DB6983700242E09 /* EleventhViewController.swift */; };
		0FCE1C691DB6983700242E09 /* EleventhViewController.swift in Sources */ = {isa = PBXBuildFile; fileRef = 0FCE1C671DB6983700242E09 /* EleventhViewController.swift */; };
		0FCE1C6A1DB6983700242E09 /* EleventhViewController.swift in Sources */ = {isa = PBXBuildFile; fileRef = 0FCE1C671DB6983700242E09 /* EleventhViewController.swift */; };
		0FCE1C6C1DB6988200242E09 /* TwelfthViewController.swift in Sources */ = {isa = PBXBuildFile; fileRef = 0FCE1C6B1DB6988200242E09 /* TwelfthViewController.swift */; };
		0FCE1C6D1DB6988200242E09 /* TwelfthViewController.swift in Sources */ = {isa = PBXBuildFile; fileRef = 0FCE1C6B1DB6988200242E09 /* TwelfthViewController.swift */; };
		0FCE1C6E1DB6988200242E09 /* TwelfthViewController.swift in Sources */ = {isa = PBXBuildFile; fileRef = 0FCE1C6B1DB6988200242E09 /* TwelfthViewController.swift */; };
		0FCE1C701DB6994300242E09 /* Eleventh.storyboard in Resources */ = {isa = PBXBuildFile; fileRef = 0FCE1C6F1DB6994300242E09 /* Eleventh.storyboard */; };
		0FCE1C711DB6994300242E09 /* Eleventh.storyboard in Resources */ = {isa = PBXBuildFile; fileRef = 0FCE1C6F1DB6994300242E09 /* Eleventh.storyboard */; };
		0FCE1C721DB6994300242E09 /* Eleventh.storyboard in Resources */ = {isa = PBXBuildFile; fileRef = 0FCE1C6F1DB6994300242E09 /* Eleventh.storyboard */; };
		0FCE1C741DB699A400242E09 /* Twelfth.storyboard in Resources */ = {isa = PBXBuildFile; fileRef = 0FCE1C731DB699A400242E09 /* Twelfth.storyboard */; };
		0FCE1C751DB699A400242E09 /* Twelfth.storyboard in Resources */ = {isa = PBXBuildFile; fileRef = 0FCE1C731DB699A400242E09 /* Twelfth.storyboard */; };
		0FCE1C761DB699A400242E09 /* Twelfth.storyboard in Resources */ = {isa = PBXBuildFile; fileRef = 0FCE1C731DB699A400242E09 /* Twelfth.storyboard */; };
		0FCE1C781DB6AC1F00242E09 /* ThirteenthViewController.swift in Sources */ = {isa = PBXBuildFile; fileRef = 0FCE1C771DB6AC1F00242E09 /* ThirteenthViewController.swift */; };
		0FCE1C791DB6AC1F00242E09 /* ThirteenthViewController.swift in Sources */ = {isa = PBXBuildFile; fileRef = 0FCE1C771DB6AC1F00242E09 /* ThirteenthViewController.swift */; };
		0FCE1C7A1DB6AC1F00242E09 /* ThirteenthViewController.swift in Sources */ = {isa = PBXBuildFile; fileRef = 0FCE1C771DB6AC1F00242E09 /* ThirteenthViewController.swift */; };
		0FCE1C7C1DB6AC5800242E09 /* FourteenthViewController.swift in Sources */ = {isa = PBXBuildFile; fileRef = 0FCE1C7B1DB6AC5800242E09 /* FourteenthViewController.swift */; };
		0FCE1C7D1DB6AC5800242E09 /* FourteenthViewController.swift in Sources */ = {isa = PBXBuildFile; fileRef = 0FCE1C7B1DB6AC5800242E09 /* FourteenthViewController.swift */; };
		0FCE1C7E1DB6AC5800242E09 /* FourteenthViewController.swift in Sources */ = {isa = PBXBuildFile; fileRef = 0FCE1C7B1DB6AC5800242E09 /* FourteenthViewController.swift */; };
		0FCE1C801DB6AC8400242E09 /* FifteenthViewController.swift in Sources */ = {isa = PBXBuildFile; fileRef = 0FCE1C7F1DB6AC8400242E09 /* FifteenthViewController.swift */; };
		0FCE1C811DB6AC8400242E09 /* FifteenthViewController.swift in Sources */ = {isa = PBXBuildFile; fileRef = 0FCE1C7F1DB6AC8400242E09 /* FifteenthViewController.swift */; };
		0FCE1C821DB6AC8400242E09 /* FifteenthViewController.swift in Sources */ = {isa = PBXBuildFile; fileRef = 0FCE1C7F1DB6AC8400242E09 /* FifteenthViewController.swift */; };
		0FCE1C841DB6AD9900242E09 /* Thirteenth.storyboard in Resources */ = {isa = PBXBuildFile; fileRef = 0FCE1C831DB6AD9900242E09 /* Thirteenth.storyboard */; };
		0FCE1C851DB6AD9900242E09 /* Thirteenth.storyboard in Resources */ = {isa = PBXBuildFile; fileRef = 0FCE1C831DB6AD9900242E09 /* Thirteenth.storyboard */; };
		0FCE1C861DB6AD9900242E09 /* Thirteenth.storyboard in Resources */ = {isa = PBXBuildFile; fileRef = 0FCE1C831DB6AD9900242E09 /* Thirteenth.storyboard */; };
		0FCE1C881DB6B04300242E09 /* ThirteenthViewControllerDestination.swift in Sources */ = {isa = PBXBuildFile; fileRef = 0FCE1C871DB6B04300242E09 /* ThirteenthViewControllerDestination.swift */; };
		0FCE1C891DB6B04300242E09 /* ThirteenthViewControllerDestination.swift in Sources */ = {isa = PBXBuildFile; fileRef = 0FCE1C871DB6B04300242E09 /* ThirteenthViewControllerDestination.swift */; };
		0FCE1C8A1DB6B04300242E09 /* ThirteenthViewControllerDestination.swift in Sources */ = {isa = PBXBuildFile; fileRef = 0FCE1C871DB6B04300242E09 /* ThirteenthViewControllerDestination.swift */; };
		0FD9707A1DA802480099BE54 /* ButtonView.swift in Sources */ = {isa = PBXBuildFile; fileRef = 0FD970711DA802480099BE54 /* ButtonView.swift */; };
		0FD9707B1DA802480099BE54 /* FirstViewController.swift in Sources */ = {isa = PBXBuildFile; fileRef = 0FD970721DA802480099BE54 /* FirstViewController.swift */; };
		0FD9707C1DA802480099BE54 /* Fourth.storyboard in Resources */ = {isa = PBXBuildFile; fileRef = 0FD970731DA802480099BE54 /* Fourth.storyboard */; };
		0FD9707D1DA802480099BE54 /* FourthView.swift in Sources */ = {isa = PBXBuildFile; fileRef = 0FD970741DA802480099BE54 /* FourthView.swift */; };
		0FD9707E1DA802480099BE54 /* FourthViewController.swift in Sources */ = {isa = PBXBuildFile; fileRef = 0FD970751DA802480099BE54 /* FourthViewController.swift */; };
		0FD9707F1DA802480099BE54 /* LaunchScreen.storyboard in Resources */ = {isa = PBXBuildFile; fileRef = 0FD970761DA802480099BE54 /* LaunchScreen.storyboard */; };
		0FD970801DA802480099BE54 /* Main.storyboard in Resources */ = {isa = PBXBuildFile; fileRef = 0FD970771DA802480099BE54 /* Main.storyboard */; };
		0FD970811DA802480099BE54 /* SecondViewController.swift in Sources */ = {isa = PBXBuildFile; fileRef = 0FD970781DA802480099BE54 /* SecondViewController.swift */; };
		0FD970821DA802480099BE54 /* ThirdViewController.swift in Sources */ = {isa = PBXBuildFile; fileRef = 0FD970791DA802480099BE54 /* ThirdViewController.swift */; };
		0FECD9D01DB462BE00DDDCFE /* Test.swift in Sources */ = {isa = PBXBuildFile; fileRef = 0FECD9CF1DB462BE00DDDCFE /* Test.swift */; };
		0FECD9D11DB462BE00DDDCFE /* Test.swift in Sources */ = {isa = PBXBuildFile; fileRef = 0FECD9CF1DB462BE00DDDCFE /* Test.swift */; };
		0FECD9D21DB462BE00DDDCFE /* Test.swift in Sources */ = {isa = PBXBuildFile; fileRef = 0FECD9CF1DB462BE00DDDCFE /* Test.swift */; };
		883CC13AAC762D68D22DA959 /* Pods_xTesterUITests.framework in Frameworks */ = {isa = PBXBuildFile; fileRef = 7386B32D69572B35C23E4F55 /* Pods_xTesterUITests.framework */; };
		AE25101AA7E303C1A69975B9 /* Pods_xTester.framework in Frameworks */ = {isa = PBXBuildFile; fileRef = 911CA3B283D7F348CA1D7298 /* Pods_xTester.framework */; };
		EC736CCF4AD64698AD8F9B62 /* Pods_xTesterTests.framework in Frameworks */ = {isa = PBXBuildFile; fileRef = 8D7EC20A4117E604BDC3D466 /* Pods_xTesterTests.framework */; };
/* End PBXBuildFile section */

/* Begin PBXContainerItemProxy section */
		0F38F4F61DA7F8AF0086BAA8 /* PBXContainerItemProxy */ = {
			isa = PBXContainerItemProxy;
			containerPortal = 0F38F4D61DA7F8AF0086BAA8 /* Project object */;
			proxyType = 1;
			remoteGlobalIDString = 0F38F4DD1DA7F8AF0086BAA8;
			remoteInfo = xTester;
		};
		0F38F5011DA7F8AF0086BAA8 /* PBXContainerItemProxy */ = {
			isa = PBXContainerItemProxy;
			containerPortal = 0F38F4D61DA7F8AF0086BAA8 /* Project object */;
			proxyType = 1;
			remoteGlobalIDString = 0F38F4DD1DA7F8AF0086BAA8;
			remoteInfo = xTester;
		};
/* End PBXContainerItemProxy section */

/* Begin PBXFileReference section */
		0F1923391DA87A9100FF9E4D /* Sixth.storyboard */ = {isa = PBXFileReference; fileEncoding = 4; lastKnownFileType = file.storyboard; path = Sixth.storyboard; sourceTree = "<group>"; };
		0F19233D1DA87FF400FF9E4D /* SixthDetailViewController.swift */ = {isa = PBXFileReference; fileEncoding = 4; lastKnownFileType = sourcecode.swift; path = SixthDetailViewController.swift; sourceTree = "<group>"; };
		0F1923411DA8822F00FF9E4D /* SixthVCView.swift */ = {isa = PBXFileReference; fileEncoding = 4; lastKnownFileType = sourcecode.swift; path = SixthVCView.swift; sourceTree = "<group>"; };
		0F1923451DA8826A00FF9E4D /* SixthDetailVCView.swift */ = {isa = PBXFileReference; fileEncoding = 4; lastKnownFileType = sourcecode.swift; path = SixthDetailVCView.swift; sourceTree = "<group>"; };
		0F19234E1DA88FD500FF9E4D /* Seventh.storyboard */ = {isa = PBXFileReference; fileEncoding = 4; lastKnownFileType = file.storyboard; path = Seventh.storyboard; sourceTree = "<group>"; };
		0F1923521DA8903D00FF9E4D /* Fifth.storyboard */ = {isa = PBXFileReference; fileEncoding = 4; lastKnownFileType = file.storyboard; path = Fifth.storyboard; sourceTree = "<group>"; };
		0F24FD981DA9689E00DF8A29 /* Eighth.storyboard */ = {isa = PBXFileReference; fileEncoding = 4; lastKnownFileType = file.storyboard; path = Eighth.storyboard; sourceTree = "<group>"; };
		0F24FD9C1DA968D900DF8A29 /* EighthViewController.swift */ = {isa = PBXFileReference; fileEncoding = 4; lastKnownFileType = sourcecode.swift; path = EighthViewController.swift; sourceTree = "<group>"; };
		0F2C0CEF1DB5ACE000ECBA67 /* TenthViewController.swift */ = {isa = PBXFileReference; fileEncoding = 4; lastKnownFileType = sourcecode.swift; path = TenthViewController.swift; sourceTree = "<group>"; };
		0F2C0CF31DB5AD2E00ECBA67 /* Tenth.storyboard */ = {isa = PBXFileReference; fileEncoding = 4; lastKnownFileType = file.storyboard; path = Tenth.storyboard; sourceTree = "<group>"; };
		0F2C0CF71DB5B0C600ECBA67 /* ExtensionArray.swift */ = {isa = PBXFileReference; fileEncoding = 4; lastKnownFileType = sourcecode.swift; path = ExtensionArray.swift; sourceTree = "<group>"; };
		0F2D7EC71DB13CB9007A6F4A /* data.json */ = {isa = PBXFileReference; fileEncoding = 4; lastKnownFileType = text.json; path = data.json; sourceTree = "<group>"; };
		0F2D7ECB1DB1A244007A6F4A /* GlobalConstants.swift */ = {isa = PBXFileReference; fileEncoding = 4; lastKnownFileType = sourcecode.swift; path = GlobalConstants.swift; sourceTree = "<group>"; };
		0F2D7ECF1DB1A283007A6F4A /* GlobalFunctions.swift */ = {isa = PBXFileReference; fileEncoding = 4; lastKnownFileType = sourcecode.swift; path = GlobalFunctions.swift; sourceTree = "<group>"; };
		0F3052CB1DAAD5A400F79778 /* PublishersCollectionViewController.swift */ = {isa = PBXFileReference; fileEncoding = 4; lastKnownFileType = sourcecode.swift; path = PublishersCollectionViewController.swift; sourceTree = "<group>"; };
		0F3052CF1DAAD5AF00F79778 /* WebViewController.swift */ = {isa = PBXFileReference; fileEncoding = 4; lastKnownFileType = sourcecode.swift; path = WebViewController.swift; sourceTree = "<group>"; };
		0F3052D31DAAD5C100F79778 /* PublishersCollectionViewFlowLayout.swift */ = {isa = PBXFileReference; fileEncoding = 4; lastKnownFileType = sourcecode.swift; path = PublishersCollectionViewFlowLayout.swift; sourceTree = "<group>"; };
		0F3052D41DAAD5C100F79778 /* PublisherCollectionViewCell.swift */ = {isa = PBXFileReference; fileEncoding = 4; lastKnownFileType = sourcecode.swift; path = PublisherCollectionViewCell.swift; sourceTree = "<group>"; };
		0F3052D51DAAD5C100F79778 /* SectionHeaderView.swift */ = {isa = PBXFileReference; fileEncoding = 4; lastKnownFileType = sourcecode.swift; path = SectionHeaderView.swift; sourceTree = "<group>"; };
		0F3052DF1DAAD5CF00F79778 /* Publisher.swift */ = {isa = PBXFileReference; fileEncoding = 4; lastKnownFileType = sourcecode.swift; path = Publisher.swift; sourceTree = "<group>"; };
		0F3052E01DAAD5CF00F79778 /* Publishers.swift */ = {isa = PBXFileReference; fileEncoding = 4; lastKnownFileType = sourcecode.swift; path = Publishers.swift; sourceTree = "<group>"; };
		0F3052E71DAAE44600F79778 /* DucTran.storyboard */ = {isa = PBXFileReference; fileEncoding = 4; lastKnownFileType = file.storyboard; path = DucTran.storyboard; sourceTree = "<group>"; };
		0F3052EC1DABF1EF00F79778 /* Utils.swift */ = {isa = PBXFileReference; fileEncoding = 4; lastKnownFileType = sourcecode.swift; path = Utils.swift; sourceTree = "<group>"; };
		0F38F4DE1DA7F8AF0086BAA8 /* xTester.app */ = {isa = PBXFileReference; explicitFileType = wrapper.application; includeInIndex = 0; path = xTester.app; sourceTree = BUILT_PRODUCTS_DIR; };
		0F38F4E11DA7F8AF0086BAA8 /* AppDelegate.swift */ = {isa = PBXFileReference; lastKnownFileType = sourcecode.swift; path = AppDelegate.swift; sourceTree = "<group>"; };
		0F38F4E91DA7F8AF0086BAA8 /* xTester.xcdatamodel */ = {isa = PBXFileReference; lastKnownFileType = wrapper.xcdatamodel; path = xTester.xcdatamodel; sourceTree = "<group>"; };
		0F38F4EB1DA7F8AF0086BAA8 /* Assets.xcassets */ = {isa = PBXFileReference; lastKnownFileType = folder.assetcatalog; path = Assets.xcassets; sourceTree = "<group>"; };
		0F38F4F01DA7F8AF0086BAA8 /* Info.plist */ = {isa = PBXFileReference; lastKnownFileType = text.plist.xml; path = Info.plist; sourceTree = "<group>"; };
		0F38F4F51DA7F8AF0086BAA8 /* xTesterTests.xctest */ = {isa = PBXFileReference; explicitFileType = wrapper.cfbundle; includeInIndex = 0; path = xTesterTests.xctest; sourceTree = BUILT_PRODUCTS_DIR; };
		0F38F4F91DA7F8AF0086BAA8 /* xTesterTests.swift */ = {isa = PBXFileReference; lastKnownFileType = sourcecode.swift; path = xTesterTests.swift; sourceTree = "<group>"; };
		0F38F4FB1DA7F8AF0086BAA8 /* Info.plist */ = {isa = PBXFileReference; lastKnownFileType = text.plist.xml; path = Info.plist; sourceTree = "<group>"; };
		0F38F5001DA7F8AF0086BAA8 /* xTesterUITests.xctest */ = {isa = PBXFileReference; explicitFileType = wrapper.cfbundle; includeInIndex = 0; path = xTesterUITests.xctest; sourceTree = BUILT_PRODUCTS_DIR; };
		0F38F5041DA7F8AF0086BAA8 /* xTesterUITests.swift */ = {isa = PBXFileReference; lastKnownFileType = sourcecode.swift; path = xTesterUITests.swift; sourceTree = "<group>"; };
		0F38F5061DA7F8AF0086BAA8 /* Info.plist */ = {isa = PBXFileReference; lastKnownFileType = text.plist.xml; path = Info.plist; sourceTree = "<group>"; };
		0F3F98FF1DA81E74002FBB8C /* CityView.xib */ = {isa = PBXFileReference; fileEncoding = 4; lastKnownFileType = file.xib; path = CityView.xib; sourceTree = "<group>"; };
		0F3F99011DA8267D002FBB8C /* FifthViewController.swift */ = {isa = PBXFileReference; fileEncoding = 4; lastKnownFileType = sourcecode.swift; path = FifthViewController.swift; sourceTree = "<group>"; };
		0F3F99051DA826A2002FBB8C /* SixthViewController.swift */ = {isa = PBXFileReference; fileEncoding = 4; lastKnownFileType = sourcecode.swift; path = SixthViewController.swift; sourceTree = "<group>"; };
		0F3F99091DA826CA002FBB8C /* SeventhViewController.swift */ = {isa = PBXFileReference; fileEncoding = 4; lastKnownFileType = sourcecode.swift; path = SeventhViewController.swift; sourceTree = "<group>"; };
		0F8328C61DA99484009804C2 /* NinthViewController.swift */ = {isa = PBXFileReference; fileEncoding = 4; lastKnownFileType = sourcecode.swift; path = NinthViewController.swift; sourceTree = "<group>"; };
		0F8328CA1DA996D7009804C2 /* EighthCollectionViewCell.swift */ = {isa = PBXFileReference; fileEncoding = 4; lastKnownFileType = sourcecode.swift; path = EighthCollectionViewCell.swift; sourceTree = "<group>"; };
		0F8328D31DA9CF0B009804C2 /* NinthCollectionViewLayout.swift */ = {isa = PBXFileReference; fileEncoding = 4; lastKnownFileType = sourcecode.swift; path = NinthCollectionViewLayout.swift; sourceTree = "<group>"; };
		0F8328D71DA9D158009804C2 /* Ninth.storyboard */ = {isa = PBXFileReference; fileEncoding = 4; lastKnownFileType = file.storyboard; path = Ninth.storyboard; sourceTree = "<group>"; };
		0F8328DB1DA9D1EF009804C2 /* NinthCollectionViewCell.swift */ = {isa = PBXFileReference; fileEncoding = 4; lastKnownFileType = sourcecode.swift; path = NinthCollectionViewCell.swift; sourceTree = "<group>"; };
		0F8D22CE1DB28C9E00227D6A /* Third.storyboard */ = {isa = PBXFileReference; fileEncoding = 4; lastKnownFileType = file.storyboard; path = Third.storyboard; sourceTree = "<group>"; };
		0F8D22D21DB28CBA00227D6A /* Second.storyboard */ = {isa = PBXFileReference; fileEncoding = 4; lastKnownFileType = file.storyboard; path = Second.storyboard; sourceTree = "<group>"; };
		0F8D22D61DB2D08500227D6A /* names2.json */ = {isa = PBXFileReference; fileEncoding = 4; lastKnownFileType = text.json; path = names2.json; sourceTree = "<group>"; };
		0F8D22DA1DB2D28000227D6A /* names3.json */ = {isa = PBXFileReference; fileEncoding = 4; lastKnownFileType = text.json; path = names3.json; sourceTree = "<group>"; };
		0F945FCF1DB59AB700FB4045 /* ExtensionViewController.swift */ = {isa = PBXFileReference; fileEncoding = 4; lastKnownFileType = sourcecode.swift; path = ExtensionViewController.swift; sourceTree = "<group>"; };
		0F945FD31DB59BDC00FB4045 /* ExtensionView.swift */ = {isa = PBXFileReference; fileEncoding = 4; lastKnownFileType = sourcecode.swift; path = ExtensionView.swift; sourceTree = "<group>"; };
		0FCE1C671DB6983700242E09 /* EleventhViewController.swift */ = {isa = PBXFileReference; fileEncoding = 4; lastKnownFileType = sourcecode.swift; path = EleventhViewController.swift; sourceTree = "<group>"; };
		0FCE1C6B1DB6988200242E09 /* TwelfthViewController.swift */ = {isa = PBXFileReference; fileEncoding = 4; lastKnownFileType = sourcecode.swift; path = TwelfthViewController.swift; sourceTree = "<group>"; };
		0FCE1C6F1DB6994300242E09 /* Eleventh.storyboard */ = {isa = PBXFileReference; fileEncoding = 4; lastKnownFileType = file.storyboard; path = Eleventh.storyboard; sourceTree = "<group>"; };
		0FCE1C731DB699A400242E09 /* Twelfth.storyboard */ = {isa = PBXFileReference; fileEncoding = 4; lastKnownFileType = file.storyboard; path = Twelfth.storyboard; sourceTree = "<group>"; };
		0FCE1C771DB6AC1F00242E09 /* ThirteenthViewController.swift */ = {isa = PBXFileReference; fileEncoding = 4; lastKnownFileType = sourcecode.swift; path = ThirteenthViewController.swift; sourceTree = "<group>"; };
		0FCE1C7B1DB6AC5800242E09 /* FourteenthViewController.swift */ = {isa = PBXFileReference; fileEncoding = 4; lastKnownFileType = sourcecode.swift; path = FourteenthViewController.swift; sourceTree = "<group>"; };
		0FCE1C7F1DB6AC8400242E09 /* FifteenthViewController.swift */ = {isa = PBXFileReference; fileEncoding = 4; lastKnownFileType = sourcecode.swift; path = FifteenthViewController.swift; sourceTree = "<group>"; };
		0FCE1C831DB6AD9900242E09 /* Thirteenth.storyboard */ = {isa = PBXFileReference; fileEncoding = 4; lastKnownFileType = file.storyboard; path = Thirteenth.storyboard; sourceTree = "<group>"; };
		0FCE1C871DB6B04300242E09 /* ThirteenthViewControllerDestination.swift */ = {isa = PBXFileReference; fileEncoding = 4; lastKnownFileType = sourcecode.swift; path = ThirteenthViewControllerDestination.swift; sourceTree = "<group>"; };
		0FD970711DA802480099BE54 /* ButtonView.swift */ = {isa = PBXFileReference; fileEncoding = 4; lastKnownFileType = sourcecode.swift; path = ButtonView.swift; sourceTree = "<group>"; };
		0FD970721DA802480099BE54 /* FirstViewController.swift */ = {isa = PBXFileReference; fileEncoding = 4; lastKnownFileType = sourcecode.swift; path = FirstViewController.swift; sourceTree = "<group>"; };
		0FD970731DA802480099BE54 /* Fourth.storyboard */ = {isa = PBXFileReference; fileEncoding = 4; lastKnownFileType = file.storyboard; path = Fourth.storyboard; sourceTree = "<group>"; };
		0FD970741DA802480099BE54 /* FourthView.swift */ = {isa = PBXFileReference; fileEncoding = 4; lastKnownFileType = sourcecode.swift; path = FourthView.swift; sourceTree = "<group>"; };
		0FD970751DA802480099BE54 /* FourthViewController.swift */ = {isa = PBXFileReference; fileEncoding = 4; lastKnownFileType = sourcecode.swift; path = FourthViewController.swift; sourceTree = "<group>"; };
		0FD970761DA802480099BE54 /* LaunchScreen.storyboard */ = {isa = PBXFileReference; fileEncoding = 4; lastKnownFileType = file.storyboard; path = LaunchScreen.storyboard; sourceTree = "<group>"; };
		0FD970771DA802480099BE54 /* Main.storyboard */ = {isa = PBXFileReference; fileEncoding = 4; lastKnownFileType = file.storyboard; path = Main.storyboard; sourceTree = "<group>"; };
		0FD970781DA802480099BE54 /* SecondViewController.swift */ = {isa = PBXFileReference; fileEncoding = 4; lastKnownFileType = sourcecode.swift; path = SecondViewController.swift; sourceTree = "<group>"; };
		0FD970791DA802480099BE54 /* ThirdViewController.swift */ = {isa = PBXFileReference; fileEncoding = 4; lastKnownFileType = sourcecode.swift; path = ThirdViewController.swift; sourceTree = "<group>"; };
		0FECD9CF1DB462BE00DDDCFE /* Test.swift */ = {isa = PBXFileReference; fileEncoding = 4; lastKnownFileType = sourcecode.swift; path = Test.swift; sourceTree = "<group>"; };
		5CFB3F17D50556AE378890C4 /* Pods-xTesterUITests.release.xcconfig */ = {isa = PBXFileReference; includeInIndex = 1; lastKnownFileType = text.xcconfig; name = "Pods-xTesterUITests.release.xcconfig"; path = "Pods/Target Support Files/Pods-xTesterUITests/Pods-xTesterUITests.release.xcconfig"; sourceTree = "<group>"; };
		7386B32D69572B35C23E4F55 /* Pods_xTesterUITests.framework */ = {isa = PBXFileReference; explicitFileType = wrapper.framework; includeInIndex = 0; path = Pods_xTesterUITests.framework; sourceTree = BUILT_PRODUCTS_DIR; };
		83A5A944E05FD2C958BAB451 /* Pods-xTester.release.xcconfig */ = {isa = PBXFileReference; includeInIndex = 1; lastKnownFileType = text.xcconfig; name = "Pods-xTester.release.xcconfig"; path = "Pods/Target Support Files/Pods-xTester/Pods-xTester.release.xcconfig"; sourceTree = "<group>"; };
		8D7EC20A4117E604BDC3D466 /* Pods_xTesterTests.framework */ = {isa = PBXFileReference; explicitFileType = wrapper.framework; includeInIndex = 0; path = Pods_xTesterTests.framework; sourceTree = BUILT_PRODUCTS_DIR; };
		911CA3B283D7F348CA1D7298 /* Pods_xTester.framework */ = {isa = PBXFileReference; explicitFileType = wrapper.framework; includeInIndex = 0; path = Pods_xTester.framework; sourceTree = BUILT_PRODUCTS_DIR; };
		A47D9DEB888D0EE26088EEC0 /* Pods-xTester.debug.xcconfig */ = {isa = PBXFileReference; includeInIndex = 1; lastKnownFileType = text.xcconfig; name = "Pods-xTester.debug.xcconfig"; path = "Pods/Target Support Files/Pods-xTester/Pods-xTester.debug.xcconfig"; sourceTree = "<group>"; };
		A6348A959E901EEA9B71C197 /* Pods-xTesterTests.release.xcconfig */ = {isa = PBXFileReference; includeInIndex = 1; lastKnownFileType = text.xcconfig; name = "Pods-xTesterTests.release.xcconfig"; path = "Pods/Target Support Files/Pods-xTesterTests/Pods-xTesterTests.release.xcconfig"; sourceTree = "<group>"; };
		B44F03F9CF023CBB50802F8E /* Pods-xTesterUITests.debug.xcconfig */ = {isa = PBXFileReference; includeInIndex = 1; lastKnownFileType = text.xcconfig; name = "Pods-xTesterUITests.debug.xcconfig"; path = "Pods/Target Support Files/Pods-xTesterUITests/Pods-xTesterUITests.debug.xcconfig"; sourceTree = "<group>"; };
		D26F7CF90A7085800E921DCE /* Pods-xTesterTests.debug.xcconfig */ = {isa = PBXFileReference; includeInIndex = 1; lastKnownFileType = text.xcconfig; name = "Pods-xTesterTests.debug.xcconfig"; path = "Pods/Target Support Files/Pods-xTesterTests/Pods-xTesterTests.debug.xcconfig"; sourceTree = "<group>"; };
/* End PBXFileReference section */

/* Begin PBXFrameworksBuildPhase section */
		0F38F4DB1DA7F8AF0086BAA8 /* Frameworks */ = {
			isa = PBXFrameworksBuildPhase;
			buildActionMask = 2147483647;
			files = (
				AE25101AA7E303C1A69975B9 /* Pods_xTester.framework in Frameworks */,
			);
			runOnlyForDeploymentPostprocessing = 0;
		};
		0F38F4F21DA7F8AF0086BAA8 /* Frameworks */ = {
			isa = PBXFrameworksBuildPhase;
			buildActionMask = 2147483647;
			files = (
				EC736CCF4AD64698AD8F9B62 /* Pods_xTesterTests.framework in Frameworks */,
			);
			runOnlyForDeploymentPostprocessing = 0;
		};
		0F38F4FD1DA7F8AF0086BAA8 /* Frameworks */ = {
			isa = PBXFrameworksBuildPhase;
			buildActionMask = 2147483647;
			files = (
				883CC13AAC762D68D22DA959 /* Pods_xTesterUITests.framework in Frameworks */,
			);
			runOnlyForDeploymentPostprocessing = 0;
		};
/* End PBXFrameworksBuildPhase section */

/* Begin PBXGroup section */
		0F1923491DA8895500FF9E4D /* Delegates */ = {
			isa = PBXGroup;
			children = (
				0F38F4E11DA7F8AF0086BAA8 /* AppDelegate.swift */,
			);
			name = Delegates;
			sourceTree = "<group>";
		};
		0F2D7EC61DB13BFD007A6F4A /* Resources */ = {
			isa = PBXGroup;
			children = (
				0F8D22D61DB2D08500227D6A /* names2.json */,
				0F8D22DA1DB2D28000227D6A /* names3.json */,
				0F2D7EC71DB13CB9007A6F4A /* data.json */,
			);
			name = Resources;
			sourceTree = "<group>";
		};
		0F3052C91DAAD49700F79778 /* CollectionView_DucTran */ = {
			isa = PBXGroup;
			children = (
				0F3052CB1DAAD5A400F79778 /* PublishersCollectionViewController.swift */,
				0F3052CF1DAAD5AF00F79778 /* WebViewController.swift */,
				0F3052D31DAAD5C100F79778 /* PublishersCollectionViewFlowLayout.swift */,
				0F3052D41DAAD5C100F79778 /* PublisherCollectionViewCell.swift */,
				0F3052DF1DAAD5CF00F79778 /* Publisher.swift */,
				0F3052E01DAAD5CF00F79778 /* Publishers.swift */,
				0F3052D51DAAD5C100F79778 /* SectionHeaderView.swift */,
			);
			name = CollectionView_DucTran;
			sourceTree = "<group>";
		};
		0F3052CA1DAAD4C500F79778 /* CollectionView_Wenderlich_Custom */ = {
			isa = PBXGroup;
			children = (
			);
			name = CollectionView_Wenderlich_Custom;
			sourceTree = "<group>";
		};
		0F3052EB1DABF1C900F79778 /* Global_Utilities_Extensions */ = {
			isa = PBXGroup;
			children = (
				0F3052EC1DABF1EF00F79778 /* Utils.swift */,
				0F2D7ECB1DB1A244007A6F4A /* GlobalConstants.swift */,
				0F945FCF1DB59AB700FB4045 /* ExtensionViewController.swift */,
				0F945FD31DB59BDC00FB4045 /* ExtensionView.swift */,
				0F2C0CF71DB5B0C600ECBA67 /* ExtensionArray.swift */,
				0F2D7ECF1DB1A283007A6F4A /* GlobalFunctions.swift */,
			);
			name = Global_Utilities_Extensions;
			sourceTree = "<group>";
		};
		0F38F4D51DA7F8AF0086BAA8 = {
			isa = PBXGroup;
			children = (
				0F38F4DF1DA7F8AF0086BAA8 /* Products */,
				0F38F4E01DA7F8AF0086BAA8 /* xTester */,
				0F38F4F81DA7F8AF0086BAA8 /* xTesterTests */,
				0F38F5031DA7F8AF0086BAA8 /* xTesterUITests */,
				BFBB24E469F6E39C37B30E79 /* Pods */,
				C2ED8C28F07F25AD3F795727 /* Frameworks */,
			);
			sourceTree = "<group>";
		};
		0F38F4DF1DA7F8AF0086BAA8 /* Products */ = {
			isa = PBXGroup;
			children = (
				0F38F4DE1DA7F8AF0086BAA8 /* xTester.app */,
				0F38F4F51DA7F8AF0086BAA8 /* xTesterTests.xctest */,
				0F38F5001DA7F8AF0086BAA8 /* xTesterUITests.xctest */,
			);
			name = Products;
			sourceTree = "<group>";
		};
		0F38F4E01DA7F8AF0086BAA8 /* xTester */ = {
			isa = PBXGroup;
			children = (
				0F945FD71DB59C3500FB4045 /* API_Routers */,
				0F3052EB1DABF1C900F79778 /* Global_Utilities_Extensions */,
				0F3052CA1DAAD4C500F79778 /* CollectionView_Wenderlich_Custom */,
				0F3052C91DAAD49700F79778 /* CollectionView_DucTran */,
				0F8328CE1DA996F4009804C2 /* CollectionViewRelated */,
				0F1923491DA8895500FF9E4D /* Delegates */,
				0F3F98FD1DA81D79002FBB8C /* Views */,
				0F3F98FC1DA81D62002FBB8C /* Controllers */,
				0F3F98FB1DA81D47002FBB8C /* Storyboards */,
				0F38F4EB1DA7F8AF0086BAA8 /* Assets.xcassets */,
				0F2D7EC61DB13BFD007A6F4A /* Resources */,
				0F3F98FE1DA81DC2002FBB8C /* Model */,
				0FECD9D31DB462E100DDDCFE /* TestClass */,
			);
			path = xTester;
			sourceTree = "<group>";
		};
		0F38F4F81DA7F8AF0086BAA8 /* xTesterTests */ = {
			isa = PBXGroup;
			children = (
				0F38F4F91DA7F8AF0086BAA8 /* xTesterTests.swift */,
				0F38F4FB1DA7F8AF0086BAA8 /* Info.plist */,
			);
			path = xTesterTests;
			sourceTree = "<group>";
		};
		0F38F5031DA7F8AF0086BAA8 /* xTesterUITests */ = {
			isa = PBXGroup;
			children = (
				0F38F5041DA7F8AF0086BAA8 /* xTesterUITests.swift */,
				0F38F5061DA7F8AF0086BAA8 /* Info.plist */,
			);
			path = xTesterUITests;
			sourceTree = "<group>";
		};
		0F3F98FB1DA81D47002FBB8C /* Storyboards */ = {
			isa = PBXGroup;
			children = (
				0FD970761DA802480099BE54 /* LaunchScreen.storyboard */,
				0FD970771DA802480099BE54 /* Main.storyboard */,
				0F8D22D21DB28CBA00227D6A /* Second.storyboard */,
				0F8D22CE1DB28C9E00227D6A /* Third.storyboard */,
				0FD970731DA802480099BE54 /* Fourth.storyboard */,
				0F1923521DA8903D00FF9E4D /* Fifth.storyboard */,
				0F1923391DA87A9100FF9E4D /* Sixth.storyboard */,
				0F19234E1DA88FD500FF9E4D /* Seventh.storyboard */,
				0F24FD981DA9689E00DF8A29 /* Eighth.storyboard */,
				0F8328D71DA9D158009804C2 /* Ninth.storyboard */,
				0F2C0CF31DB5AD2E00ECBA67 /* Tenth.storyboard */,
				0FCE1C6F1DB6994300242E09 /* Eleventh.storyboard */,
				0FCE1C731DB699A400242E09 /* Twelfth.storyboard */,
				0FCE1C831DB6AD9900242E09 /* Thirteenth.storyboard */,
				0F3052E71DAAE44600F79778 /* DucTran.storyboard */,
			);
			name = Storyboards;
			sourceTree = "<group>";
		};
		0F3F98FC1DA81D62002FBB8C /* Controllers */ = {
			isa = PBXGroup;
			children = (
				0FD970721DA802480099BE54 /* FirstViewController.swift */,
				0FD970781DA802480099BE54 /* SecondViewController.swift */,
				0FD970791DA802480099BE54 /* ThirdViewController.swift */,
				0FD970751DA802480099BE54 /* FourthViewController.swift */,
				0F3F99011DA8267D002FBB8C /* FifthViewController.swift */,
				0F3F99051DA826A2002FBB8C /* SixthViewController.swift */,
				0F19233D1DA87FF400FF9E4D /* SixthDetailViewController.swift */,
				0F3F99091DA826CA002FBB8C /* SeventhViewController.swift */,
				0F24FD9C1DA968D900DF8A29 /* EighthViewController.swift */,
				0F8328C61DA99484009804C2 /* NinthViewController.swift */,
				0F2C0CEF1DB5ACE000ECBA67 /* TenthViewController.swift */,
				0FCE1C671DB6983700242E09 /* EleventhViewController.swift */,
				0FCE1C6B1DB6988200242E09 /* TwelfthViewController.swift */,
				0FCE1C771DB6AC1F00242E09 /* ThirteenthViewController.swift */,
				0FCE1C871DB6B04300242E09 /* ThirteenthViewControllerDestination.swift */,
				0FCE1C7B1DB6AC5800242E09 /* FourteenthViewController.swift */,
				0FCE1C7F1DB6AC8400242E09 /* FifteenthViewController.swift */,
			);
			name = Controllers;
			sourceTree = "<group>";
		};
		0F3F98FD1DA81D79002FBB8C /* Views */ = {
			isa = PBXGroup;
			children = (
				0FD970711DA802480099BE54 /* ButtonView.swift */,
				0FD970741DA802480099BE54 /* FourthView.swift */,
				0F3F98FF1DA81E74002FBB8C /* CityView.xib */,
				0F1923411DA8822F00FF9E4D /* SixthVCView.swift */,
				0F1923451DA8826A00FF9E4D /* SixthDetailVCView.swift */,
			);
			name = Views;
			sourceTree = "<group>";
		};
		0F3F98FE1DA81DC2002FBB8C /* Model */ = {
			isa = PBXGroup;
			children = (
				0F38F4F01DA7F8AF0086BAA8 /* Info.plist */,
				0F38F4E81DA7F8AF0086BAA8 /* xTester.xcdatamodeld */,
			);
			name = Model;
			sourceTree = "<group>";
		};
		0F8328CE1DA996F4009804C2 /* CollectionViewRelated */ = {
			isa = PBXGroup;
			children = (
				0F8328CA1DA996D7009804C2 /* EighthCollectionViewCell.swift */,
				0F8328DB1DA9D1EF009804C2 /* NinthCollectionViewCell.swift */,
				0F8328D31DA9CF0B009804C2 /* NinthCollectionViewLayout.swift */,
			);
			name = CollectionViewRelated;
			sourceTree = "<group>";
		};
		0F945FD71DB59C3500FB4045 /* API_Routers */ = {
			isa = PBXGroup;
			children = (
			);
			name = API_Routers;
			sourceTree = "<group>";
		};
		0FECD9D31DB462E100DDDCFE /* TestClass */ = {
			isa = PBXGroup;
			children = (
				0FECD9CF1DB462BE00DDDCFE /* Test.swift */,
			);
			name = TestClass;
			sourceTree = "<group>";
		};
		BFBB24E469F6E39C37B30E79 /* Pods */ = {
			isa = PBXGroup;
			children = (
				A47D9DEB888D0EE26088EEC0 /* Pods-xTester.debug.xcconfig */,
				83A5A944E05FD2C958BAB451 /* Pods-xTester.release.xcconfig */,
				D26F7CF90A7085800E921DCE /* Pods-xTesterTests.debug.xcconfig */,
				A6348A959E901EEA9B71C197 /* Pods-xTesterTests.release.xcconfig */,
				B44F03F9CF023CBB50802F8E /* Pods-xTesterUITests.debug.xcconfig */,
				5CFB3F17D50556AE378890C4 /* Pods-xTesterUITests.release.xcconfig */,
			);
			name = Pods;
			sourceTree = "<group>";
		};
		C2ED8C28F07F25AD3F795727 /* Frameworks */ = {
			isa = PBXGroup;
			children = (
				911CA3B283D7F348CA1D7298 /* Pods_xTester.framework */,
				8D7EC20A4117E604BDC3D466 /* Pods_xTesterTests.framework */,
				7386B32D69572B35C23E4F55 /* Pods_xTesterUITests.framework */,
			);
			name = Frameworks;
			sourceTree = "<group>";
		};
/* End PBXGroup section */

/* Begin PBXNativeTarget section */
		0F38F4DD1DA7F8AF0086BAA8 /* xTester */ = {
			isa = PBXNativeTarget;
			buildConfigurationList = 0F38F5091DA7F8AF0086BAA8 /* Build configuration list for PBXNativeTarget "xTester" */;
			buildPhases = (
				EC9B9D66314184BD0F52F97E /* [CP] Check Pods Manifest.lock */,
				0F38F4DA1DA7F8AF0086BAA8 /* Sources */,
				0F38F4DB1DA7F8AF0086BAA8 /* Frameworks */,
				0F38F4DC1DA7F8AF0086BAA8 /* Resources */,
				311125AD01DCFEB17ACE7A47 /* [CP] Embed Pods Frameworks */,
				5C1E286A9D576E381454556F /* [CP] Copy Pods Resources */,
			);
			buildRules = (
			);
			dependencies = (
			);
			name = xTester;
			productName = xTester;
			productReference = 0F38F4DE1DA7F8AF0086BAA8 /* xTester.app */;
			productType = "com.apple.product-type.application";
		};
		0F38F4F41DA7F8AF0086BAA8 /* xTesterTests */ = {
			isa = PBXNativeTarget;
			buildConfigurationList = 0F38F50C1DA7F8AF0086BAA8 /* Build configuration list for PBXNativeTarget "xTesterTests" */;
			buildPhases = (
				5FE2BF132FBFF4C5634F08AE /* [CP] Check Pods Manifest.lock */,
				0F38F4F11DA7F8AF0086BAA8 /* Sources */,
				0F38F4F21DA7F8AF0086BAA8 /* Frameworks */,
				0F38F4F31DA7F8AF0086BAA8 /* Resources */,
				319475311FFCF522CF816BC7 /* [CP] Embed Pods Frameworks */,
				448F1C13FEDD5D5DF98329E8 /* [CP] Copy Pods Resources */,
			);
			buildRules = (
			);
			dependencies = (
				0F38F4F71DA7F8AF0086BAA8 /* PBXTargetDependency */,
			);
			name = xTesterTests;
			productName = xTesterTests;
			productReference = 0F38F4F51DA7F8AF0086BAA8 /* xTesterTests.xctest */;
			productType = "com.apple.product-type.bundle.unit-test";
		};
		0F38F4FF1DA7F8AF0086BAA8 /* xTesterUITests */ = {
			isa = PBXNativeTarget;
			buildConfigurationList = 0F38F50F1DA7F8AF0086BAA8 /* Build configuration list for PBXNativeTarget "xTesterUITests" */;
			buildPhases = (
				A5C99028C4A3CCBBB1A75AB2 /* [CP] Check Pods Manifest.lock */,
				0F38F4FC1DA7F8AF0086BAA8 /* Sources */,
				0F38F4FD1DA7F8AF0086BAA8 /* Frameworks */,
				0F38F4FE1DA7F8AF0086BAA8 /* Resources */,
				F3CB42DEB16866FFE372BAD6 /* [CP] Embed Pods Frameworks */,
				851ED31F350E3C21D3E777C8 /* [CP] Copy Pods Resources */,
			);
			buildRules = (
			);
			dependencies = (
				0F38F5021DA7F8AF0086BAA8 /* PBXTargetDependency */,
			);
			name = xTesterUITests;
			productName = xTesterUITests;
			productReference = 0F38F5001DA7F8AF0086BAA8 /* xTesterUITests.xctest */;
			productType = "com.apple.product-type.bundle.ui-testing";
		};
/* End PBXNativeTarget section */

/* Begin PBXProject section */
		0F38F4D61DA7F8AF0086BAA8 /* Project object */ = {
			isa = PBXProject;
			attributes = {
				LastSwiftUpdateCheck = 0800;
				LastUpgradeCheck = 0800;
				ORGANIZATIONNAME = Natsys;
				TargetAttributes = {
					0F38F4DD1DA7F8AF0086BAA8 = {
						CreatedOnToolsVersion = 8.0;
						DevelopmentTeam = 7TC98CE9GK;
						ProvisioningStyle = Automatic;
					};
					0F38F4F41DA7F8AF0086BAA8 = {
						CreatedOnToolsVersion = 8.0;
						DevelopmentTeam = YEPB2Q5VF6;
						ProvisioningStyle = Automatic;
						TestTargetID = 0F38F4DD1DA7F8AF0086BAA8;
					};
					0F38F4FF1DA7F8AF0086BAA8 = {
						CreatedOnToolsVersion = 8.0;
						DevelopmentTeam = YEPB2Q5VF6;
						LastSwiftMigration = 0800;
						ProvisioningStyle = Automatic;
						TestTargetID = 0F38F4DD1DA7F8AF0086BAA8;
					};
				};
			};
			buildConfigurationList = 0F38F4D91DA7F8AF0086BAA8 /* Build configuration list for PBXProject "xTester" */;
			compatibilityVersion = "Xcode 3.2";
			developmentRegion = English;
			hasScannedForEncodings = 0;
			knownRegions = (
				en,
				Base,
			);
			mainGroup = 0F38F4D51DA7F8AF0086BAA8;
			productRefGroup = 0F38F4DF1DA7F8AF0086BAA8 /* Products */;
			projectDirPath = "";
			projectRoot = "";
			targets = (
				0F38F4DD1DA7F8AF0086BAA8 /* xTester */,
				0F38F4F41DA7F8AF0086BAA8 /* xTesterTests */,
				0F38F4FF1DA7F8AF0086BAA8 /* xTesterUITests */,
			);
		};
/* End PBXProject section */

/* Begin PBXResourcesBuildPhase section */
		0F38F4DC1DA7F8AF0086BAA8 /* Resources */ = {
			isa = PBXResourcesBuildPhase;
			buildActionMask = 2147483647;
			files = (
				0F1923531DA8903D00FF9E4D /* Fifth.storyboard in Resources */,
				0FD970801DA802480099BE54 /* Main.storyboard in Resources */,
				0F3052E81DAAE44600F79778 /* DucTran.storyboard in Resources */,
				0FD9707F1DA802480099BE54 /* LaunchScreen.storyboard in Resources */,
				0F3F99001DA81E74002FBB8C /* CityView.xib in Resources */,
				0F2C0CF41DB5AD2E00ECBA67 /* Tenth.storyboard in Resources */,
				0F24FD991DA9689E00DF8A29 /* Eighth.storyboard in Resources */,
				0FCE1C701DB6994300242E09 /* Eleventh.storyboard in Resources */,
				0F8D22D31DB28CBA00227D6A /* Second.storyboard in Resources */,
				0F19234F1DA88FD500FF9E4D /* Seventh.storyboard in Resources */,
				0F8D22CF1DB28C9E00227D6A /* Third.storyboard in Resources */,
				0FCE1C841DB6AD9900242E09 /* Thirteenth.storyboard in Resources */,
				0F2D7EC81DB13CB9007A6F4A /* data.json in Resources */,
				0F8D22DB1DB2D28000227D6A /* names3.json in Resources */,
				0F8328D81DA9D158009804C2 /* Ninth.storyboard in Resources */,
				0FCE1C741DB699A400242E09 /* Twelfth.storyboard in Resources */,
				0F19233A1DA87A9100FF9E4D /* Sixth.storyboard in Resources */,
				0FD9707C1DA802480099BE54 /* Fourth.storyboard in Resources */,
				0F8D22D71DB2D08500227D6A /* names2.json in Resources */,
				0F38F4EC1DA7F8AF0086BAA8 /* Assets.xcassets in Resources */,
			);
			runOnlyForDeploymentPostprocessing = 0;
		};
		0F38F4F31DA7F8AF0086BAA8 /* Resources */ = {
			isa = PBXResourcesBuildPhase;
			buildActionMask = 2147483647;
			files = (
				0F1923541DA8903D00FF9E4D /* Fifth.storyboard in Resources */,
				0FCE1C751DB699A400242E09 /* Twelfth.storyboard in Resources */,
				0FCE1C711DB6994300242E09 /* Eleventh.storyboard in Resources */,
				0F2D7EC91DB13CB9007A6F4A /* data.json in Resources */,
				0F2C0CF51DB5AD2E00ECBA67 /* Tenth.storyboard in Resources */,
				0F8D22D01DB28C9E00227D6A /* Third.storyboard in Resources */,
				0FCE1C851DB6AD9900242E09 /* Thirteenth.storyboard in Resources */,
				0F8D22D81DB2D08500227D6A /* names2.json in Resources */,
				0F8D22D41DB28CBA00227D6A /* Second.storyboard in Resources */,
				0F8328D91DA9D158009804C2 /* Ninth.storyboard in Resources */,
				0F24FD9A1DA9689E00DF8A29 /* Eighth.storyboard in Resources */,
				0F1923501DA88FD500FF9E4D /* Seventh.storyboard in Resources */,
				0F8D22DC1DB2D28000227D6A /* names3.json in Resources */,
				0F3052E91DAAE44600F79778 /* DucTran.storyboard in Resources */,
				0F19233B1DA87A9100FF9E4D /* Sixth.storyboard in Resources */,
			);
			runOnlyForDeploymentPostprocessing = 0;
		};
		0F38F4FE1DA7F8AF0086BAA8 /* Resources */ = {
			isa = PBXResourcesBuildPhase;
			buildActionMask = 2147483647;
			files = (
				0F1923551DA8903D00FF9E4D /* Fifth.storyboard in Resources */,
				0FCE1C761DB699A400242E09 /* Twelfth.storyboard in Resources */,
				0FCE1C721DB6994300242E09 /* Eleventh.storyboard in Resources */,
				0F2D7ECA1DB13CB9007A6F4A /* data.json in Resources */,
				0F2C0CF61DB5AD2E00ECBA67 /* Tenth.storyboard in Resources */,
				0F8D22D11DB28C9E00227D6A /* Third.storyboard in Resources */,
				0FCE1C861DB6AD9900242E09 /* Thirteenth.storyboard in Resources */,
				0F8D22D91DB2D08500227D6A /* names2.json in Resources */,
				0F8D22D51DB28CBA00227D6A /* Second.storyboard in Resources */,
				0F8328DA1DA9D158009804C2 /* Ninth.storyboard in Resources */,
				0F24FD9B1DA9689E00DF8A29 /* Eighth.storyboard in Resources */,
				0F1923511DA88FD500FF9E4D /* Seventh.storyboard in Resources */,
				0F8D22DD1DB2D28000227D6A /* names3.json in Resources */,
				0F3052EA1DAAE44600F79778 /* DucTran.storyboard in Resources */,
				0F19233C1DA87A9100FF9E4D /* Sixth.storyboard in Resources */,
			);
			runOnlyForDeploymentPostprocessing = 0;
		};
/* End PBXResourcesBuildPhase section */

/* Begin PBXShellScriptBuildPhase section */
		311125AD01DCFEB17ACE7A47 /* [CP] Embed Pods Frameworks */ = {
			isa = PBXShellScriptBuildPhase;
			buildActionMask = 2147483647;
			files = (
			);
			inputPaths = (
			);
			name = "[CP] Embed Pods Frameworks";
			outputPaths = (
			);
			runOnlyForDeploymentPostprocessing = 0;
			shellPath = /bin/sh;
			shellScript = "\"${SRCROOT}/Pods/Target Support Files/Pods-xTester/Pods-xTester-frameworks.sh\"\n";
			showEnvVarsInLog = 0;
		};
		319475311FFCF522CF816BC7 /* [CP] Embed Pods Frameworks */ = {
			isa = PBXShellScriptBuildPhase;
			buildActionMask = 2147483647;
			files = (
			);
			inputPaths = (
			);
			name = "[CP] Embed Pods Frameworks";
			outputPaths = (
			);
			runOnlyForDeploymentPostprocessing = 0;
			shellPath = /bin/sh;
			shellScript = "\"${SRCROOT}/Pods/Target Support Files/Pods-xTesterTests/Pods-xTesterTests-frameworks.sh\"\n";
			showEnvVarsInLog = 0;
		};
		448F1C13FEDD5D5DF98329E8 /* [CP] Copy Pods Resources */ = {
			isa = PBXShellScriptBuildPhase;
			buildActionMask = 2147483647;
			files = (
			);
			inputPaths = (
			);
			name = "[CP] Copy Pods Resources";
			outputPaths = (
			);
			runOnlyForDeploymentPostprocessing = 0;
			shellPath = /bin/sh;
			shellScript = "\"${SRCROOT}/Pods/Target Support Files/Pods-xTesterTests/Pods-xTesterTests-resources.sh\"\n";
			showEnvVarsInLog = 0;
		};
		5C1E286A9D576E381454556F /* [CP] Copy Pods Resources */ = {
			isa = PBXShellScriptBuildPhase;
			buildActionMask = 2147483647;
			files = (
			);
			inputPaths = (
			);
			name = "[CP] Copy Pods Resources";
			outputPaths = (
			);
			runOnlyForDeploymentPostprocessing = 0;
			shellPath = /bin/sh;
			shellScript = "\"${SRCROOT}/Pods/Target Support Files/Pods-xTester/Pods-xTester-resources.sh\"\n";
			showEnvVarsInLog = 0;
		};
		5FE2BF132FBFF4C5634F08AE /* [CP] Check Pods Manifest.lock */ = {
			isa = PBXShellScriptBuildPhase;
			buildActionMask = 2147483647;
			files = (
			);
			inputPaths = (
			);
			name = "[CP] Check Pods Manifest.lock";
			outputPaths = (
			);
			runOnlyForDeploymentPostprocessing = 0;
			shellPath = /bin/sh;
			shellScript = "diff \"${PODS_ROOT}/../Podfile.lock\" \"${PODS_ROOT}/Manifest.lock\" > /dev/null\nif [ $? != 0 ] ; then\n    # print error to STDERR\n    echo \"error: The sandbox is not in sync with the Podfile.lock. Run 'pod install' or update your CocoaPods installation.\" >&2\n    exit 1\nfi\n";
			showEnvVarsInLog = 0;
		};
		851ED31F350E3C21D3E777C8 /* [CP] Copy Pods Resources */ = {
			isa = PBXShellScriptBuildPhase;
			buildActionMask = 2147483647;
			files = (
			);
			inputPaths = (
			);
			name = "[CP] Copy Pods Resources";
			outputPaths = (
			);
			runOnlyForDeploymentPostprocessing = 0;
			shellPath = /bin/sh;
			shellScript = "\"${SRCROOT}/Pods/Target Support Files/Pods-xTesterUITests/Pods-xTesterUITests-resources.sh\"\n";
			showEnvVarsInLog = 0;
		};
		A5C99028C4A3CCBBB1A75AB2 /* [CP] Check Pods Manifest.lock */ = {
			isa = PBXShellScriptBuildPhase;
			buildActionMask = 2147483647;
			files = (
			);
			inputPaths = (
			);
			name = "[CP] Check Pods Manifest.lock";
			outputPaths = (
			);
			runOnlyForDeploymentPostprocessing = 0;
			shellPath = /bin/sh;
			shellScript = "diff \"${PODS_ROOT}/../Podfile.lock\" \"${PODS_ROOT}/Manifest.lock\" > /dev/null\nif [ $? != 0 ] ; then\n    # print error to STDERR\n    echo \"error: The sandbox is not in sync with the Podfile.lock. Run 'pod install' or update your CocoaPods installation.\" >&2\n    exit 1\nfi\n";
			showEnvVarsInLog = 0;
		};
		EC9B9D66314184BD0F52F97E /* [CP] Check Pods Manifest.lock */ = {
			isa = PBXShellScriptBuildPhase;
			buildActionMask = 2147483647;
			files = (
			);
			inputPaths = (
			);
			name = "[CP] Check Pods Manifest.lock";
			outputPaths = (
			);
			runOnlyForDeploymentPostprocessing = 0;
			shellPath = /bin/sh;
			shellScript = "diff \"${PODS_ROOT}/../Podfile.lock\" \"${PODS_ROOT}/Manifest.lock\" > /dev/null\nif [ $? != 0 ] ; then\n    # print error to STDERR\n    echo \"error: The sandbox is not in sync with the Podfile.lock. Run 'pod install' or update your CocoaPods installation.\" >&2\n    exit 1\nfi\n";
			showEnvVarsInLog = 0;
		};
		F3CB42DEB16866FFE372BAD6 /* [CP] Embed Pods Frameworks */ = {
			isa = PBXShellScriptBuildPhase;
			buildActionMask = 2147483647;
			files = (
			);
			inputPaths = (
			);
			name = "[CP] Embed Pods Frameworks";
			outputPaths = (
			);
			runOnlyForDeploymentPostprocessing = 0;
			shellPath = /bin/sh;
			shellScript = "\"${SRCROOT}/Pods/Target Support Files/Pods-xTesterUITests/Pods-xTesterUITests-frameworks.sh\"\n";
			showEnvVarsInLog = 0;
		};
/* End PBXShellScriptBuildPhase section */

/* Begin PBXSourcesBuildPhase section */
		0F38F4DA1DA7F8AF0086BAA8 /* Sources */ = {
			isa = PBXSourcesBuildPhase;
			buildActionMask = 2147483647;
			files = (
				0F3F99021DA8267D002FBB8C /* FifthViewController.swift in Sources */,
				0FD9707E1DA802480099BE54 /* FourthViewController.swift in Sources */,
				0F3052ED1DABF1EF00F79778 /* Utils.swift in Sources */,
				0F1923421DA8822F00FF9E4D /* SixthVCView.swift in Sources */,
				0F38F4EA1DA7F8AF0086BAA8 /* xTester.xcdatamodeld in Sources */,
				0F3052E11DAAD5CF00F79778 /* Publisher.swift in Sources */,
				0F945FD41DB59BDC00FB4045 /* ExtensionView.swift in Sources */,
				0F3052D01DAAD5AF00F79778 /* WebViewController.swift in Sources */,
				0F8328C71DA99484009804C2 /* NinthViewController.swift in Sources */,
				0F8328D41DA9CF0B009804C2 /* NinthCollectionViewLayout.swift in Sources */,
				0FCE1C7C1DB6AC5800242E09 /* FourteenthViewController.swift in Sources */,
				0F38F4E21DA7F8AF0086BAA8 /* AppDelegate.swift in Sources */,
				0FCE1C881DB6B04300242E09 /* ThirteenthViewControllerDestination.swift in Sources */,
				0FCE1C6C1DB6988200242E09 /* TwelfthViewController.swift in Sources */,
				0F8328CB1DA996D7009804C2 /* EighthCollectionViewCell.swift in Sources */,
				0FCE1C781DB6AC1F00242E09 /* ThirteenthViewController.swift in Sources */,
				0F8328DC1DA9D1EF009804C2 /* NinthCollectionViewCell.swift in Sources */,
				0FCE1C681DB6983700242E09 /* EleventhViewController.swift in Sources */,
				0F24FD9D1DA968D900DF8A29 /* EighthViewController.swift in Sources */,
				0F19233E1DA87FF400FF9E4D /* SixthDetailViewController.swift in Sources */,
				0FD9707A1DA802480099BE54 /* ButtonView.swift in Sources */,
				0F3052D61DAAD5C100F79778 /* PublishersCollectionViewFlowLayout.swift in Sources */,
				0F3052D91DAAD5C100F79778 /* PublisherCollectionViewCell.swift in Sources */,
				0FECD9D01DB462BE00DDDCFE /* Test.swift in Sources */,
				0FD970811DA802480099BE54 /* SecondViewController.swift in Sources */,
				0F2D7ECC1DB1A244007A6F4A /* GlobalConstants.swift in Sources */,
				0F2C0CF01DB5ACE000ECBA67 /* TenthViewController.swift in Sources */,
				0FD9707B1DA802480099BE54 /* FirstViewController.swift in Sources */,
				0FD970821DA802480099BE54 /* ThirdViewController.swift in Sources */,
				0F945FD01DB59AB700FB4045 /* ExtensionViewController.swift in Sources */,
				0FCE1C801DB6AC8400242E09 /* FifteenthViewController.swift in Sources */,
				0F3052CC1DAAD5A400F79778 /* PublishersCollectionViewController.swift in Sources */,
				0F3052E41DAAD5CF00F79778 /* Publishers.swift in Sources */,
				0F3052DC1DAAD5C100F79778 /* SectionHeaderView.swift in Sources */,
				0F2D7ED01DB1A283007A6F4A /* GlobalFunctions.swift in Sources */,
				0F3F990A1DA826CA002FBB8C /* SeventhViewController.swift in Sources */,
				0FD9707D1DA802480099BE54 /* FourthView.swift in Sources */,
				0F3F99061DA826A2002FBB8C /* SixthViewController.swift in Sources */,
				0F1923461DA8826A00FF9E4D /* SixthDetailVCView.swift in Sources */,
				0F2C0CF81DB5B0C600ECBA67 /* ExtensionArray.swift in Sources */,
			);
			runOnlyForDeploymentPostprocessing = 0;
		};
		0F38F4F11DA7F8AF0086BAA8 /* Sources */ = {
			isa = PBXSourcesBuildPhase;
			buildActionMask = 2147483647;
			files = (
				0F2D7ED11DB1A283007A6F4A /* GlobalFunctions.swift in Sources */,
				0F3052E21DAAD5CF00F79778 /* Publisher.swift in Sources */,
				0F8328DD1DA9D1EF009804C2 /* NinthCollectionViewCell.swift in Sources */,
				0F8328D51DA9CF0B009804C2 /* NinthCollectionViewLayout.swift in Sources */,
				0FCE1C891DB6B04300242E09 /* ThirteenthViewControllerDestination.swift in Sources */,
				0F8328CC1DA996D7009804C2 /* EighthCollectionViewCell.swift in Sources */,
				0F2C0CF91DB5B0C600ECBA67 /* ExtensionArray.swift in Sources */,
				0F2D7ECD1DB1A244007A6F4A /* GlobalConstants.swift in Sources */,
				0F945FD51DB59BDC00FB4045 /* ExtensionView.swift in Sources */,
				0F3052DA1DAAD5C100F79778 /* PublisherCollectionViewCell.swift in Sources */,
				0F3F99031DA8267D002FBB8C /* FifthViewController.swift in Sources */,
				0F3052E51DAAD5CF00F79778 /* Publishers.swift in Sources */,
				0F3F99071DA826A2002FBB8C /* SixthViewController.swift in Sources */,
				0F3F990B1DA826CA002FBB8C /* SeventhViewController.swift in Sources */,
				0FCE1C691DB6983700242E09 /* EleventhViewController.swift in Sources */,
				0F38F4FA1DA7F8AF0086BAA8 /* xTesterTests.swift in Sources */,
				0F8328C81DA99484009804C2 /* NinthViewController.swift in Sources */,
				0F3052CD1DAAD5A400F79778 /* PublishersCollectionViewController.swift in Sources */,
				0F3052DD1DAAD5C100F79778 /* SectionHeaderView.swift in Sources */,
				0FECD9D11DB462BE00DDDCFE /* Test.swift in Sources */,
				0F1923431DA8822F00FF9E4D /* SixthVCView.swift in Sources */,
				0FCE1C811DB6AC8400242E09 /* FifteenthViewController.swift in Sources */,
				0F24FD9E1DA968D900DF8A29 /* EighthViewController.swift in Sources */,
				0FCE1C6D1DB6988200242E09 /* TwelfthViewController.swift in Sources */,
				0F3052EE1DABF1EF00F79778 /* Utils.swift in Sources */,
				0F3052D11DAAD5AF00F79778 /* WebViewController.swift in Sources */,
				0F945FD11DB59AB700FB4045 /* ExtensionViewController.swift in Sources */,
				0FCE1C7D1DB6AC5800242E09 /* FourteenthViewController.swift in Sources */,
				0FCE1C791DB6AC1F00242E09 /* ThirteenthViewController.swift in Sources */,
				0F3052D71DAAD5C100F79778 /* PublishersCollectionViewFlowLayout.swift in Sources */,
				0F19233F1DA87FF400FF9E4D /* SixthDetailViewController.swift in Sources */,
				0F2C0CF11DB5ACE000ECBA67 /* TenthViewController.swift in Sources */,
				0F1923471DA8826A00FF9E4D /* SixthDetailVCView.swift in Sources */,
			);
			runOnlyForDeploymentPostprocessing = 0;
		};
		0F38F4FC1DA7F8AF0086BAA8 /* Sources */ = {
			isa = PBXSourcesBuildPhase;
			buildActionMask = 2147483647;
			files = (
				0F2D7ED21DB1A283007A6F4A /* GlobalFunctions.swift in Sources */,
				0F3052E31DAAD5CF00F79778 /* Publisher.swift in Sources */,
				0F8328DE1DA9D1EF009804C2 /* NinthCollectionViewCell.swift in Sources */,
				0F8328D61DA9CF0B009804C2 /* NinthCollectionViewLayout.swift in Sources */,
				0FCE1C8A1DB6B04300242E09 /* ThirteenthViewControllerDestination.swift in Sources */,
				0F8328CD1DA996D7009804C2 /* EighthCollectionViewCell.swift in Sources */,
				0F2C0CFA1DB5B0C600ECBA67 /* ExtensionArray.swift in Sources */,
				0F2D7ECE1DB1A244007A6F4A /* GlobalConstants.swift in Sources */,
				0F945FD61DB59BDC00FB4045 /* ExtensionView.swift in Sources */,
				0F3052DB1DAAD5C100F79778 /* PublisherCollectionViewCell.swift in Sources */,
				0F3F99041DA8267D002FBB8C /* FifthViewController.swift in Sources */,
				0F3052E61DAAD5CF00F79778 /* Publishers.swift in Sources */,
				0F3F99081DA826A2002FBB8C /* SixthViewController.swift in Sources */,
				0F3F990C1DA826CA002FBB8C /* SeventhViewController.swift in Sources */,
				0FCE1C6A1DB6983700242E09 /* EleventhViewController.swift in Sources */,
				0F38F5051DA7F8AF0086BAA8 /* xTesterUITests.swift in Sources */,
				0F8328C91DA99484009804C2 /* NinthViewController.swift in Sources */,
				0F3052CE1DAAD5A400F79778 /* PublishersCollectionViewController.swift in Sources */,
				0F3052DE1DAAD5C100F79778 /* SectionHeaderView.swift in Sources */,
				0FECD9D21DB462BE00DDDCFE /* Test.swift in Sources */,
				0F1923441DA8822F00FF9E4D /* SixthVCView.swift in Sources */,
				0FCE1C821DB6AC8400242E09 /* FifteenthViewController.swift in Sources */,
				0F24FD9F1DA968D900DF8A29 /* EighthViewController.swift in Sources */,
				0FCE1C6E1DB6988200242E09 /* TwelfthViewController.swift in Sources */,
				0F3052EF1DABF1EF00F79778 /* Utils.swift in Sources */,
				0F3052D21DAAD5AF00F79778 /* WebViewController.swift in Sources */,
				0F945FD21DB59AB700FB4045 /* ExtensionViewController.swift in Sources */,
				0FCE1C7E1DB6AC5800242E09 /* FourteenthViewController.swift in Sources */,
				0FCE1C7A1DB6AC1F00242E09 /* ThirteenthViewController.swift in Sources */,
				0F3052D81DAAD5C100F79778 /* PublishersCollectionViewFlowLayout.swift in Sources */,
				0F1923401DA87FF400FF9E4D /* SixthDetailViewController.swift in Sources */,
				0F2C0CF21DB5ACE000ECBA67 /* TenthViewController.swift in Sources */,
				0F1923481DA8826A00FF9E4D /* SixthDetailVCView.swift in Sources */,
			);
			runOnlyForDeploymentPostprocessing = 0;
		};
/* End PBXSourcesBuildPhase section */

/* Begin PBXTargetDependency section */
		0F38F4F71DA7F8AF0086BAA8 /* PBXTargetDependency */ = {
			isa = PBXTargetDependency;
			target = 0F38F4DD1DA7F8AF0086BAA8 /* xTester */;
			targetProxy = 0F38F4F61DA7F8AF0086BAA8 /* PBXContainerItemProxy */;
		};
		0F38F5021DA7F8AF0086BAA8 /* PBXTargetDependency */ = {
			isa = PBXTargetDependency;
			target = 0F38F4DD1DA7F8AF0086BAA8 /* xTester */;
			targetProxy = 0F38F5011DA7F8AF0086BAA8 /* PBXContainerItemProxy */;
		};
/* End PBXTargetDependency section */

/* Begin XCBuildConfiguration section */
		0F38F5071DA7F8AF0086BAA8 /* Debug */ = {
			isa = XCBuildConfiguration;
			buildSettings = {
				ALWAYS_SEARCH_USER_PATHS = NO;
				CLANG_ANALYZER_NONNULL = YES;
				CLANG_CXX_LANGUAGE_STANDARD = "gnu++0x";
				CLANG_CXX_LIBRARY = "libc++";
				CLANG_ENABLE_MODULES = YES;
				CLANG_ENABLE_OBJC_ARC = YES;
				CLANG_WARN_BOOL_CONVERSION = YES;
				CLANG_WARN_CONSTANT_CONVERSION = YES;
				CLANG_WARN_DIRECT_OBJC_ISA_USAGE = YES_ERROR;
				CLANG_WARN_DOCUMENTATION_COMMENTS = YES;
				CLANG_WARN_EMPTY_BODY = YES;
				CLANG_WARN_ENUM_CONVERSION = YES;
				CLANG_WARN_INFINITE_RECURSION = YES;
				CLANG_WARN_INT_CONVERSION = YES;
				CLANG_WARN_OBJC_ROOT_CLASS = YES_ERROR;
				CLANG_WARN_SUSPICIOUS_MOVE = YES;
				CLANG_WARN_SUSPICIOUS_MOVES = YES;
				CLANG_WARN_UNREACHABLE_CODE = YES;
				CLANG_WARN__DUPLICATE_METHOD_MATCH = YES;
				"CODE_SIGN_IDENTITY[sdk=iphoneos*]" = "iPhone Developer";
				COPY_PHASE_STRIP = NO;
				DEBUG_INFORMATION_FORMAT = dwarf;
				ENABLE_STRICT_OBJC_MSGSEND = YES;
				ENABLE_TESTABILITY = YES;
				GCC_C_LANGUAGE_STANDARD = gnu99;
				GCC_DYNAMIC_NO_PIC = NO;
				GCC_NO_COMMON_BLOCKS = YES;
				GCC_OPTIMIZATION_LEVEL = 0;
				GCC_PREPROCESSOR_DEFINITIONS = (
					"DEBUG=1",
					"$(inherited)",
				);
				GCC_WARN_64_TO_32_BIT_CONVERSION = YES;
				GCC_WARN_ABOUT_RETURN_TYPE = YES_ERROR;
				GCC_WARN_UNDECLARED_SELECTOR = YES;
				GCC_WARN_UNINITIALIZED_AUTOS = YES_AGGRESSIVE;
				GCC_WARN_UNUSED_FUNCTION = YES;
				GCC_WARN_UNUSED_VARIABLE = YES;
				IPHONEOS_DEPLOYMENT_TARGET = 10.0;
				MTL_ENABLE_DEBUG_INFO = YES;
				ONLY_ACTIVE_ARCH = YES;
				SDKROOT = iphoneos;
				SWIFT_ACTIVE_COMPILATION_CONDITIONS = DEBUG;
				SWIFT_OPTIMIZATION_LEVEL = "-Onone";
				TARGETED_DEVICE_FAMILY = "1,2";
			};
			name = Debug;
		};
		0F38F5081DA7F8AF0086BAA8 /* Release */ = {
			isa = XCBuildConfiguration;
			buildSettings = {
				ALWAYS_SEARCH_USER_PATHS = NO;
				CLANG_ANALYZER_NONNULL = YES;
				CLANG_CXX_LANGUAGE_STANDARD = "gnu++0x";
				CLANG_CXX_LIBRARY = "libc++";
				CLANG_ENABLE_MODULES = YES;
				CLANG_ENABLE_OBJC_ARC = YES;
				CLANG_WARN_BOOL_CONVERSION = YES;
				CLANG_WARN_CONSTANT_CONVERSION = YES;
				CLANG_WARN_DIRECT_OBJC_ISA_USAGE = YES_ERROR;
				CLANG_WARN_DOCUMENTATION_COMMENTS = YES;
				CLANG_WARN_EMPTY_BODY = YES;
				CLANG_WARN_ENUM_CONVERSION = YES;
				CLANG_WARN_INFINITE_RECURSION = YES;
				CLANG_WARN_INT_CONVERSION = YES;
				CLANG_WARN_OBJC_ROOT_CLASS = YES_ERROR;
				CLANG_WARN_SUSPICIOUS_MOVE = YES;
				CLANG_WARN_SUSPICIOUS_MOVES = YES;
				CLANG_WARN_UNREACHABLE_CODE = YES;
				CLANG_WARN__DUPLICATE_METHOD_MATCH = YES;
				"CODE_SIGN_IDENTITY[sdk=iphoneos*]" = "iPhone Developer";
				COPY_PHASE_STRIP = NO;
				DEBUG_INFORMATION_FORMAT = "dwarf-with-dsym";
				ENABLE_NS_ASSERTIONS = NO;
				ENABLE_STRICT_OBJC_MSGSEND = YES;
				GCC_C_LANGUAGE_STANDARD = gnu99;
				GCC_NO_COMMON_BLOCKS = YES;
				GCC_WARN_64_TO_32_BIT_CONVERSION = YES;
				GCC_WARN_ABOUT_RETURN_TYPE = YES_ERROR;
				GCC_WARN_UNDECLARED_SELECTOR = YES;
				GCC_WARN_UNINITIALIZED_AUTOS = YES_AGGRESSIVE;
				GCC_WARN_UNUSED_FUNCTION = YES;
				GCC_WARN_UNUSED_VARIABLE = YES;
				IPHONEOS_DEPLOYMENT_TARGET = 10.0;
				MTL_ENABLE_DEBUG_INFO = NO;
				SDKROOT = iphoneos;
				SWIFT_OPTIMIZATION_LEVEL = "-Owholemodule";
				TARGETED_DEVICE_FAMILY = "1,2";
				VALIDATE_PRODUCT = YES;
			};
			name = Release;
		};
		0F38F50A1DA7F8AF0086BAA8 /* Debug */ = {
			isa = XCBuildConfiguration;
			baseConfigurationReference = A47D9DEB888D0EE26088EEC0 /* Pods-xTester.debug.xcconfig */;
			buildSettings = {
				ALWAYS_EMBED_SWIFT_STANDARD_LIBRARIES = YES;
				ASSETCATALOG_COMPILER_APPICON_NAME = AppIcon;
				DEVELOPMENT_TEAM = 7TC98CE9GK;
				INFOPLIST_FILE = xTester/Info.plist;
				LD_RUNPATH_SEARCH_PATHS = "$(inherited) @executable_path/Frameworks";
				PRODUCT_BUNDLE_IDENTIFIER = com.natsys.xTester;
				PRODUCT_NAME = "$(TARGET_NAME)";
				SWIFT_VERSION = 3.0;
			};
			name = Debug;
		};
		0F38F50B1DA7F8AF0086BAA8 /* Release */ = {
			isa = XCBuildConfiguration;
			baseConfigurationReference = 83A5A944E05FD2C958BAB451 /* Pods-xTester.release.xcconfig */;
			buildSettings = {
				ALWAYS_EMBED_SWIFT_STANDARD_LIBRARIES = YES;
				ASSETCATALOG_COMPILER_APPICON_NAME = AppIcon;
				DEVELOPMENT_TEAM = 7TC98CE9GK;
				INFOPLIST_FILE = xTester/Info.plist;
				LD_RUNPATH_SEARCH_PATHS = "$(inherited) @executable_path/Frameworks";
				PRODUCT_BUNDLE_IDENTIFIER = com.natsys.xTester;
				PRODUCT_NAME = "$(TARGET_NAME)";
				SWIFT_VERSION = 3.0;
			};
			name = Release;
		};
		0F38F50D1DA7F8AF0086BAA8 /* Debug */ = {
			isa = XCBuildConfiguration;
			baseConfigurationReference = D26F7CF90A7085800E921DCE /* Pods-xTesterTests.debug.xcconfig */;
			buildSettings = {
				ALWAYS_EMBED_SWIFT_STANDARD_LIBRARIES = YES;
				BUNDLE_LOADER = "$(TEST_HOST)";
				DEVELOPMENT_TEAM = YEPB2Q5VF6;
				INFOPLIST_FILE = xTesterTests/Info.plist;
				LD_RUNPATH_SEARCH_PATHS = "$(inherited) @executable_path/Frameworks @loader_path/Frameworks";
				PRODUCT_BUNDLE_IDENTIFIER = com.natsys.xTesterTests;
				PRODUCT_NAME = "$(TARGET_NAME)";
				SWIFT_VERSION = 3.0;
				TEST_HOST = "$(BUILT_PRODUCTS_DIR)/xTester.app/xTester";
			};
			name = Debug;
		};
		0F38F50E1DA7F8AF0086BAA8 /* Release */ = {
			isa = XCBuildConfiguration;
			baseConfigurationReference = A6348A959E901EEA9B71C197 /* Pods-xTesterTests.release.xcconfig */;
			buildSettings = {
				ALWAYS_EMBED_SWIFT_STANDARD_LIBRARIES = YES;
				BUNDLE_LOADER = "$(TEST_HOST)";
				DEVELOPMENT_TEAM = YEPB2Q5VF6;
				INFOPLIST_FILE = xTesterTests/Info.plist;
				LD_RUNPATH_SEARCH_PATHS = "$(inherited) @executable_path/Frameworks @loader_path/Frameworks";
				PRODUCT_BUNDLE_IDENTIFIER = com.natsys.xTesterTests;
				PRODUCT_NAME = "$(TARGET_NAME)";
				SWIFT_VERSION = 3.0;
				TEST_HOST = "$(BUILT_PRODUCTS_DIR)/xTester.app/xTester";
			};
			name = Release;
		};
		0F38F5101DA7F8AF0086BAA8 /* Debug */ = {
			isa = XCBuildConfiguration;
			baseConfigurationReference = B44F03F9CF023CBB50802F8E /* Pods-xTesterUITests.debug.xcconfig */;
			buildSettings = {
				ALWAYS_EMBED_SWIFT_STANDARD_LIBRARIES = YES;
				DEVELOPMENT_TEAM = YEPB2Q5VF6;
				INFOPLIST_FILE = xTesterUITests/Info.plist;
				LD_RUNPATH_SEARCH_PATHS = "$(inherited) @executable_path/Frameworks @loader_path/Frameworks";
				PRODUCT_BUNDLE_IDENTIFIER = com.natsys.xTesterUITests;
				PRODUCT_NAME = "$(TARGET_NAME)";
				SWIFT_VERSION = 3.0;
				TEST_TARGET_NAME = xTester;
			};
			name = Debug;
		};
		0F38F5111DA7F8AF0086BAA8 /* Release */ = {
			isa = XCBuildConfiguration;
			baseConfigurationReference = 5CFB3F17D50556AE378890C4 /* Pods-xTesterUITests.release.xcconfig */;
			buildSettings = {
				ALWAYS_EMBED_SWIFT_STANDARD_LIBRARIES = YES;
				DEVELOPMENT_TEAM = YEPB2Q5VF6;
				INFOPLIST_FILE = xTesterUITests/Info.plist;
				LD_RUNPATH_SEARCH_PATHS = "$(inherited) @executable_path/Frameworks @loader_path/Frameworks";
				PRODUCT_BUNDLE_IDENTIFIER = com.natsys.xTesterUITests;
				PRODUCT_NAME = "$(TARGET_NAME)";
				SWIFT_VERSION = 3.0;
				TEST_TARGET_NAME = xTester;
			};
			name = Release;
		};
/* End XCBuildConfiguration section */

/* Begin XCConfigurationList section */
		0F38F4D91DA7F8AF0086BAA8 /* Build configuration list for PBXProject "xTester" */ = {
			isa = XCConfigurationList;
			buildConfigurations = (
				0F38F5071DA7F8AF0086BAA8 /* Debug */,
				0F38F5081DA7F8AF0086BAA8 /* Release */,
			);
			defaultConfigurationIsVisible = 0;
			defaultConfigurationName = Release;
		};
		0F38F5091DA7F8AF0086BAA8 /* Build configuration list for PBXNativeTarget "xTester" */ = {
			isa = XCConfigurationList;
			buildConfigurations = (
				0F38F50A1DA7F8AF0086BAA8 /* Debug */,
				0F38F50B1DA7F8AF0086BAA8 /* Release */,
			);
			defaultConfigurationIsVisible = 0;
			defaultConfigurationName = Release;
		};
		0F38F50C1DA7F8AF0086BAA8 /* Build configuration list for PBXNativeTarget "xTesterTests" */ = {
			isa = XCConfigurationList;
			buildConfigurations = (
				0F38F50D1DA7F8AF0086BAA8 /* Debug */,
				0F38F50E1DA7F8AF0086BAA8 /* Release */,
			);
			defaultConfigurationIsVisible = 0;
			defaultConfigurationName = Release;
		};
		0F38F50F1DA7F8AF0086BAA8 /* Build configuration list for PBXNativeTarget "xTesterUITests" */ = {
			isa = XCConfigurationList;
			buildConfigurations = (
				0F38F5101DA7F8AF0086BAA8 /* Debug */,
				0F38F5111DA7F8AF0086BAA8 /* Release */,
			);
			defaultConfigurationIsVisible = 0;
			defaultConfigurationName = Release;
		};
/* End XCConfigurationList section */

/* Begin XCVersionGroup section */
		0F38F4E81DA7F8AF0086BAA8 /* xTester.xcdatamodeld */ = {
			isa = XCVersionGroup;
			children = (
				0F38F4E91DA7F8AF0086BAA8 /* xTester.xcdatamodel */,
			);
			currentVersion = 0F38F4E91DA7F8AF0086BAA8 /* xTester.xcdatamodel */;
			path = xTester.xcdatamodeld;
			sourceTree = "<group>";
			versionGroupType = wrapper.xcdatamodel;
		};
/* End XCVersionGroup section */
	};
	rootObject = 0F38F4D61DA7F8AF0086BAA8 /* Project object */;
}
